// !$*UTF8*$!
{
	archiveVersion = 1;
	classes = {
	};
	objectVersion = 51;
	objects = {

/* Begin PBXBuildFile section */
		5EB42DB3A0DD54653F5962FB /* Pods_NewWorldNetwork.framework in Frameworks */ = {isa = PBXBuildFile; fileRef = C8BA217EA704DE090EA1CBF8 /* Pods_NewWorldNetwork.framework */; };
		6705299E26F8D33C006D4D73 /* PinchZoomView.swift in Sources */ = {isa = PBXBuildFile; fileRef = 6705299D26F8D33C006D4D73 /* PinchZoomView.swift */; };
		6707F0F72701B29800820CDE /* ImageCache.swift in Sources */ = {isa = PBXBuildFile; fileRef = 6707F0F22701B29800820CDE /* ImageCache.swift */; };
		6707F0F82701B29800820CDE /* AsyncImage.swift in Sources */ = {isa = PBXBuildFile; fileRef = 6707F0F32701B29800820CDE /* AsyncImage.swift */; };
		6707F0F92701B29800820CDE /* ImageLoader.swift in Sources */ = {isa = PBXBuildFile; fileRef = 6707F0F42701B29800820CDE /* ImageLoader.swift */; };
		6707F0FB2701B29800820CDE /* EnvironmentValues+ImageCache.swift in Sources */ = {isa = PBXBuildFile; fileRef = 6707F0F62701B29800820CDE /* EnvironmentValues+ImageCache.swift */; };
		6707F1072701C68900820CDE /* SideBarMenuView.swift in Sources */ = {isa = PBXBuildFile; fileRef = 6707F1062701C68900820CDE /* SideBarMenuView.swift */; };
		6707F1092701CC2400820CDE /* SideBarContentView.swift in Sources */ = {isa = PBXBuildFile; fileRef = 6707F1082701CC2400820CDE /* SideBarContentView.swift */; };
		6707F10B27020EE800820CDE /* FollowStatsView.swift in Sources */ = {isa = PBXBuildFile; fileRef = 6707F10A27020EE800820CDE /* FollowStatsView.swift */; };
		6707F10D27020EF600820CDE /* FollowStatsFilterButtonView.swift in Sources */ = {isa = PBXBuildFile; fileRef = 6707F10C27020EF600820CDE /* FollowStatsFilterButtonView.swift */; };
		6707F10F27020FA300820CDE /* FollowStatsViewModel.swift in Sources */ = {isa = PBXBuildFile; fileRef = 6707F10E27020FA300820CDE /* FollowStatsViewModel.swift */; };
		671304982711DCDB00916872 /* NotificationService.swift in Sources */ = {isa = PBXBuildFile; fileRef = 671304972711DCDB00916872 /* NotificationService.swift */; };
		6713049C2711DCDB00916872 /* OneSignalNotificationServiceExtension.appex in Embed App Extensions */ = {isa = PBXBuildFile; fileRef = 671304952711DCDB00916872 /* OneSignalNotificationServiceExtension.appex */; settings = {ATTRIBUTES = (RemoveHeadersOnCopy, ); }; };
		6717E91B26FB998400A84702 /* ReplyBlockView.swift in Sources */ = {isa = PBXBuildFile; fileRef = 6717E91A26FB998400A84702 /* ReplyBlockView.swift */; };
		6717E92526FDE69B00A84702 /* TweetOptions.swift in Sources */ = {isa = PBXBuildFile; fileRef = 6717E92426FDE69B00A84702 /* TweetOptions.swift */; };
		6717E92D26FE067B00A84702 /* TweetOptionsViewModel.swift in Sources */ = {isa = PBXBuildFile; fileRef = 6717E92C26FE067B00A84702 /* TweetOptionsViewModel.swift */; };
		6717E92F26FF1F8A00A84702 /* TweetStatsView.swift in Sources */ = {isa = PBXBuildFile; fileRef = 6717E92E26FF1F8A00A84702 /* TweetStatsView.swift */; };
		6717E93126FF220900A84702 /* TweetStatsFilterButtonView.swift in Sources */ = {isa = PBXBuildFile; fileRef = 6717E93026FF220900A84702 /* TweetStatsFilterButtonView.swift */; };
		6717E93326FF267900A84702 /* TweetStatsViewModel.swift in Sources */ = {isa = PBXBuildFile; fileRef = 6717E93226FF267900A84702 /* TweetStatsViewModel.swift */; };
		671A160B26FB59140071D42D /* NotificationCell.swift in Sources */ = {isa = PBXBuildFile; fileRef = 671A160A26FB59140071D42D /* NotificationCell.swift */; };
		672F5F8128077CA000A021ED /* GoogleService-Info.plist in Resources */ = {isa = PBXBuildFile; fileRef = 672F5F8028077CA000A021ED /* GoogleService-Info.plist */; };
		6734333926F26777006AA6C4 /* ImageView.swift in Sources */ = {isa = PBXBuildFile; fileRef = 6734333826F26777006AA6C4 /* ImageView.swift */; };
		6734333B26F3ABFC006AA6C4 /* ImageFullScreenView.swift in Sources */ = {isa = PBXBuildFile; fileRef = 6734333A26F3ABFC006AA6C4 /* ImageFullScreenView.swift */; };
		6748E8D126E8F09F008184B7 /* UploadReplyViewModel.swift in Sources */ = {isa = PBXBuildFile; fileRef = 6748E8D026E8F09F008184B7 /* UploadReplyViewModel.swift */; };
		6748E8D326E8F756008184B7 /* Reply.swift in Sources */ = {isa = PBXBuildFile; fileRef = 6748E8D226E8F756008184B7 /* Reply.swift */; };
		6748E8D726E8FCE6008184B7 /* ReplyCell.swift in Sources */ = {isa = PBXBuildFile; fileRef = 6748E8D626E8FCE6008184B7 /* ReplyCell.swift */; };
		6748E8D926E8FEA3008184B7 /* ReplyViewModel.swift in Sources */ = {isa = PBXBuildFile; fileRef = 6748E8D826E8FEA3008184B7 /* ReplyViewModel.swift */; };
		6748E8EF26EDE968008184B7 /* Notification.swift in Sources */ = {isa = PBXBuildFile; fileRef = 6748E8EE26EDE968008184B7 /* Notification.swift */; };
		6748E8F126EDECF7008184B7 /* NotificationViewModel.swift in Sources */ = {isa = PBXBuildFile; fileRef = 6748E8F026EDECF7008184B7 /* NotificationViewModel.swift */; };
		6748E8F326EDF544008184B7 /* NotificationContent.swift in Sources */ = {isa = PBXBuildFile; fileRef = 6748E8F226EDF544008184B7 /* NotificationContent.swift */; };
		6748E8F726EDF9A7008184B7 /* NotificationView.swift in Sources */ = {isa = PBXBuildFile; fileRef = 6748E8F626EDF9A7008184B7 /* NotificationView.swift */; };
		6756670326DF750700D9C1A6 /* CoreDataModel.xcdatamodeld in Sources */ = {isa = PBXBuildFile; fileRef = 6756670126DF750700D9C1A6 /* CoreDataModel.xcdatamodeld */; };
		6756673126E2D5DB00D9C1A6 /* NewCommentView.swift in Sources */ = {isa = PBXBuildFile; fileRef = 6756673026E2D5DB00D9C1A6 /* NewCommentView.swift */; };
		675AEF0726DBB2D800020EE9 /* LazyView.swift in Sources */ = {isa = PBXBuildFile; fileRef = 675AEF0626DBB2D800020EE9 /* LazyView.swift */; };
		675AEF0926DBC2AD00020EE9 /* ChatViewModel.swift in Sources */ = {isa = PBXBuildFile; fileRef = 675AEF0826DBC2AD00020EE9 /* ChatViewModel.swift */; };
		675AEF0B26DBCC1200020EE9 /* ConversationsViewModel.swift in Sources */ = {isa = PBXBuildFile; fileRef = 675AEF0A26DBCC1200020EE9 /* ConversationsViewModel.swift */; };
		675AEF1726DE556000020EE9 /* PullToRefreshView.swift in Sources */ = {isa = PBXBuildFile; fileRef = 675AEF1626DE556000020EE9 /* PullToRefreshView.swift */; };
		675D82ED275666920009429E /* ResetPasswordView.swift in Sources */ = {isa = PBXBuildFile; fileRef = 675D82EC275666920009429E /* ResetPasswordView.swift */; };
		67860D28271237D300E27A4C /* NotificationSettings.swift in Sources */ = {isa = PBXBuildFile; fileRef = 67860D27271237D300E27A4C /* NotificationSettings.swift */; };
		67860D2A2713124F00E27A4C /* SideSettingsView.swift in Sources */ = {isa = PBXBuildFile; fileRef = 67860D292713124F00E27A4C /* SideSettingsView.swift */; };
		6787E1A226D3C5FC001D0B3A /* UserProfileView.swift in Sources */ = {isa = PBXBuildFile; fileRef = 6787E1A126D3C5FC001D0B3A /* UserProfileView.swift */; };
		6787E1A426D3C6C4001D0B3A /* ProfileHeaderView.swift in Sources */ = {isa = PBXBuildFile; fileRef = 6787E1A326D3C6C4001D0B3A /* ProfileHeaderView.swift */; };
		6787E1A626D3C6D0001D0B3A /* ProfileActionButtonView.swift in Sources */ = {isa = PBXBuildFile; fileRef = 6787E1A526D3C6D0001D0B3A /* ProfileActionButtonView.swift */; };
		6787E1A826D3C6E2001D0B3A /* FilterButtonView.swift in Sources */ = {isa = PBXBuildFile; fileRef = 6787E1A726D3C6E2001D0B3A /* FilterButtonView.swift */; };
		6787E1AC26D3DC2B001D0B3A /* NewTweetView.swift in Sources */ = {isa = PBXBuildFile; fileRef = 6787E1AB26D3DC2B001D0B3A /* NewTweetView.swift */; };
		6787E1B026D3E22B001D0B3A /* TextArea.swift in Sources */ = {isa = PBXBuildFile; fileRef = 6787E1AF26D3E22B001D0B3A /* TextArea.swift */; };
		6787E1B326D3E5FF001D0B3A /* LoginView.swift in Sources */ = {isa = PBXBuildFile; fileRef = 6787E1B226D3E5FF001D0B3A /* LoginView.swift */; };
		6787E1B526D3E609001D0B3A /* RegistrationView.swift in Sources */ = {isa = PBXBuildFile; fileRef = 6787E1B426D3E609001D0B3A /* RegistrationView.swift */; };
		6787E1B726D3E75D001D0B3A /* CustomTextField.swift in Sources */ = {isa = PBXBuildFile; fileRef = 6787E1B626D3E75D001D0B3A /* CustomTextField.swift */; };
		6787E1B926D3EC11001D0B3A /* CustomSecureField.swift in Sources */ = {isa = PBXBuildFile; fileRef = 6787E1B826D3EC11001D0B3A /* CustomSecureField.swift */; };
		6787E1BB26D3FEB7001D0B3A /* ImagePicker.swift in Sources */ = {isa = PBXBuildFile; fileRef = 6787E1BA26D3FEB7001D0B3A /* ImagePicker.swift */; };
		678876BC26D53F4500D79AE9 /* AuthViewModel.swift in Sources */ = {isa = PBXBuildFile; fileRef = 678876BB26D53F4500D79AE9 /* AuthViewModel.swift */; };
		678876BE26D55A5200D79AE9 /* User.swift in Sources */ = {isa = PBXBuildFile; fileRef = 678876BD26D55A5200D79AE9 /* User.swift */; };
		678876C326D565DE00D79AE9 /* SearchViewModel.swift in Sources */ = {isa = PBXBuildFile; fileRef = 678876C226D565DE00D79AE9 /* SearchViewModel.swift */; };
		678876C526D5665B00D79AE9 /* Constants.swift in Sources */ = {isa = PBXBuildFile; fileRef = 678876C426D5665B00D79AE9 /* Constants.swift */; };
		678876C726D6555A00D79AE9 /* ProfileViewModel.swift in Sources */ = {isa = PBXBuildFile; fileRef = 678876C626D6555A00D79AE9 /* ProfileViewModel.swift */; };
		678876C926D67F7C00D79AE9 /* UploadTweetViewModel.swift in Sources */ = {isa = PBXBuildFile; fileRef = 678876C826D67F7C00D79AE9 /* UploadTweetViewModel.swift */; };
		678876CB26D686DF00D79AE9 /* FeedViewModel.swift in Sources */ = {isa = PBXBuildFile; fileRef = 678876CA26D686DF00D79AE9 /* FeedViewModel.swift */; };
		678876CD26D6871900D79AE9 /* Tweet.swift in Sources */ = {isa = PBXBuildFile; fileRef = 678876CC26D6871900D79AE9 /* Tweet.swift */; };
		678876CF26D6906700D79AE9 /* TweetDetailView.swift in Sources */ = {isa = PBXBuildFile; fileRef = 678876CE26D6906700D79AE9 /* TweetDetailView.swift */; };
		678876D126D6953900D79AE9 /* TweetActionsView.swift in Sources */ = {isa = PBXBuildFile; fileRef = 678876D026D6953900D79AE9 /* TweetActionsView.swift */; };
		678876D326D6996E00D79AE9 /* TweetActionViewModel.swift in Sources */ = {isa = PBXBuildFile; fileRef = 678876D226D6996E00D79AE9 /* TweetActionViewModel.swift */; };
		67A934012705D8F900A5D020 /* BannerAd.swift in Sources */ = {isa = PBXBuildFile; fileRef = 67A934002705D8F900A5D020 /* BannerAd.swift */; };
		67A9340D2706447100A5D020 /* FullScreenModifier.swift in Sources */ = {isa = PBXBuildFile; fileRef = 67A9340C2706447100A5D020 /* FullScreenModifier.swift */; };
		67A9340F270646C600A5D020 /* RewardedAd.swift in Sources */ = {isa = PBXBuildFile; fileRef = 67A9340E270646C600A5D020 /* RewardedAd.swift */; };
		67A934112706470500A5D020 /* InterstitialAd.swift in Sources */ = {isa = PBXBuildFile; fileRef = 67A934102706470500A5D020 /* InterstitialAd.swift */; };
		67A9341A2707DC2B00A5D020 /* ReportViewModel.swift in Sources */ = {isa = PBXBuildFile; fileRef = 67A934192707DC2B00A5D020 /* ReportViewModel.swift */; };
		67A9341D2707E17B00A5D020 /* ReplyOptions.swift in Sources */ = {isa = PBXBuildFile; fileRef = 67A9341C2707E17B00A5D020 /* ReplyOptions.swift */; };
		67A9341F2707E24000A5D020 /* ReplyOptionsViewModel.swift in Sources */ = {isa = PBXBuildFile; fileRef = 67A9341E2707E23F00A5D020 /* ReplyOptionsViewModel.swift */; };
		67A934212707EF7D00A5D020 /* UserProfileOptions.swift in Sources */ = {isa = PBXBuildFile; fileRef = 67A934202707EF7D00A5D020 /* UserProfileOptions.swift */; };
		67A934232707FC2A00A5D020 /* QuestionGeneralBlockView.swift in Sources */ = {isa = PBXBuildFile; fileRef = 67A934222707FC2A00A5D020 /* QuestionGeneralBlockView.swift */; };
		67A9342D2708D7E600A5D020 /* BlockedUsersView.swift in Sources */ = {isa = PBXBuildFile; fileRef = 67A9342C2708D7E600A5D020 /* BlockedUsersView.swift */; };
		67A93437270CC83800A5D020 /* NavigationBarView.swift in Sources */ = {isa = PBXBuildFile; fileRef = 67A93436270CC83800A5D020 /* NavigationBarView.swift */; };
		67AD3AD326E4F5AB004B1C3D /* TweetBlockView.swift in Sources */ = {isa = PBXBuildFile; fileRef = 67AD3AD226E4F5AB004B1C3D /* TweetBlockView.swift */; };
		67AD3AD526E50F81004B1C3D /* ButtonStyle.swift in Sources */ = {isa = PBXBuildFile; fileRef = 67AD3AD426E50F81004B1C3D /* ButtonStyle.swift */; };
		67AF923C26F9DC0E0016E217 /* ImageLoadFailed.swift in Sources */ = {isa = PBXBuildFile; fileRef = 67AF923B26F9DC0E0016E217 /* ImageLoadFailed.swift */; };
		67C0C77527033EB400138809 /* QuestionAnswerView.swift in Sources */ = {isa = PBXBuildFile; fileRef = 67C0C77427033EB400138809 /* QuestionAnswerView.swift */; };
		67C0C7772703459600138809 /* QuestionAnswerTabView.swift in Sources */ = {isa = PBXBuildFile; fileRef = 67C0C7762703459600138809 /* QuestionAnswerTabView.swift */; };
		67C0C7792703534400138809 /* NewQuestionView.swift in Sources */ = {isa = PBXBuildFile; fileRef = 67C0C7782703534400138809 /* NewQuestionView.swift */; };
		67C0C77B270354DA00138809 /* UploadQuestionViewModel.swift in Sources */ = {isa = PBXBuildFile; fileRef = 67C0C77A270354DA00138809 /* UploadQuestionViewModel.swift */; };
		67C0C77D2703597500138809 /* NewQuestionTextArea.swift in Sources */ = {isa = PBXBuildFile; fileRef = 67C0C77C2703597500138809 /* NewQuestionTextArea.swift */; };
		67C0C781270361CD00138809 /* Question.swift in Sources */ = {isa = PBXBuildFile; fileRef = 67C0C780270361CD00138809 /* Question.swift */; };
		67C0C7832703657500138809 /* QuestionAnswerViewModel.swift in Sources */ = {isa = PBXBuildFile; fileRef = 67C0C7822703657500138809 /* QuestionAnswerViewModel.swift */; };
		67C0C7852703665600138809 /* QuestionBlockView.swift in Sources */ = {isa = PBXBuildFile; fileRef = 67C0C7842703665600138809 /* QuestionBlockView.swift */; };
		67C0C7872703674200138809 /* QuestionDetailView.swift in Sources */ = {isa = PBXBuildFile; fileRef = 67C0C7862703674200138809 /* QuestionDetailView.swift */; };
		67C0C7892703681700138809 /* QuestionCell.swift in Sources */ = {isa = PBXBuildFile; fileRef = 67C0C7882703681700138809 /* QuestionCell.swift */; };
		67C0C78C270371DB00138809 /* QuestionOptionsView.swift in Sources */ = {isa = PBXBuildFile; fileRef = 67C0C78B270371DB00138809 /* QuestionOptionsView.swift */; };
		67C0C78E2703720E00138809 /* QuestionOptionsViewModel.swift in Sources */ = {isa = PBXBuildFile; fileRef = 67C0C78D2703720E00138809 /* QuestionOptionsViewModel.swift */; };
		67C0C7902703784500138809 /* AnswerViewModel.swift in Sources */ = {isa = PBXBuildFile; fileRef = 67C0C78F2703784500138809 /* AnswerViewModel.swift */; };
		67C0C7922703786A00138809 /* Answer.swift in Sources */ = {isa = PBXBuildFile; fileRef = 67C0C7912703786A00138809 /* Answer.swift */; };
		67C0C79427037B0E00138809 /* AnswerBlockView.swift in Sources */ = {isa = PBXBuildFile; fileRef = 67C0C79327037B0E00138809 /* AnswerBlockView.swift */; };
		67C0C79627037B4D00138809 /* AnswerCell.swift in Sources */ = {isa = PBXBuildFile; fileRef = 67C0C79527037B4D00138809 /* AnswerCell.swift */; };
		67C0C79827037BAE00138809 /* NewAnswerView.swift in Sources */ = {isa = PBXBuildFile; fileRef = 67C0C79727037BAE00138809 /* NewAnswerView.swift */; };
		67C0C79A27037C1B00138809 /* UploadAnswerViewModel.swift in Sources */ = {isa = PBXBuildFile; fileRef = 67C0C79927037C1B00138809 /* UploadAnswerViewModel.swift */; };
		67C0C79C2703C53A00138809 /* AnswerOptionsView.swift in Sources */ = {isa = PBXBuildFile; fileRef = 67C0C79B2703C53A00138809 /* AnswerOptionsView.swift */; };
		67C0C79E2703C74700138809 /* AnswerOptionsViewModel.swift in Sources */ = {isa = PBXBuildFile; fileRef = 67C0C79D2703C74700138809 /* AnswerOptionsViewModel.swift */; };
		67C0C7A22704854C00138809 /* QuestionAnswerSearchView.swift in Sources */ = {isa = PBXBuildFile; fileRef = 67C0C7A12704854C00138809 /* QuestionAnswerSearchView.swift */; };
		67C0C7A4270490B200138809 /* QuestionAnswerSearchBar.swift in Sources */ = {isa = PBXBuildFile; fileRef = 67C0C7A3270490B200138809 /* QuestionAnswerSearchBar.swift */; };
		67C0C7A62704A4B900138809 /* SendBugView.swift in Sources */ = {isa = PBXBuildFile; fileRef = 67C0C7A52704A4B900138809 /* SendBugView.swift */; };
		67C0C7A82704A81800138809 /* SendBugTextArea.swift in Sources */ = {isa = PBXBuildFile; fileRef = 67C0C7A72704A81800138809 /* SendBugTextArea.swift */; };
		67C0C7AA2704ABFD00138809 /* UploadBugReportViewModel.swift in Sources */ = {isa = PBXBuildFile; fileRef = 67C0C7A92704ABFD00138809 /* UploadBugReportViewModel.swift */; };
		67CA2E7128081795000617BE /* AllPrivateKeys.swift in Sources */ = {isa = PBXBuildFile; fileRef = 67CA2E7028081795000617BE /* AllPrivateKeys.swift */; };
		67D1A13526C83C3900630601 /* AppDelegate.swift in Sources */ = {isa = PBXBuildFile; fileRef = 67D1A13426C83C3900630601 /* AppDelegate.swift */; };
		67D1A13726C83C3900630601 /* SceneDelegate.swift in Sources */ = {isa = PBXBuildFile; fileRef = 67D1A13626C83C3900630601 /* SceneDelegate.swift */; };
		67D1A13926C83C3900630601 /* ContentView.swift in Sources */ = {isa = PBXBuildFile; fileRef = 67D1A13826C83C3900630601 /* ContentView.swift */; };
		67D1A13B26C83C3A00630601 /* Assets.xcassets in Resources */ = {isa = PBXBuildFile; fileRef = 67D1A13A26C83C3A00630601 /* Assets.xcassets */; };
		67D1A13E26C83C3A00630601 /* Preview Assets.xcassets in Resources */ = {isa = PBXBuildFile; fileRef = 67D1A13D26C83C3A00630601 /* Preview Assets.xcassets */; };
		67D1A14126C83C3A00630601 /* LaunchScreen.storyboard in Resources */ = {isa = PBXBuildFile; fileRef = 67D1A13F26C83C3A00630601 /* LaunchScreen.storyboard */; };
		67D1A14D26C83FBE00630601 /* FeedView.swift in Sources */ = {isa = PBXBuildFile; fileRef = 67D1A14C26C83FBE00630601 /* FeedView.swift */; };
		67D1A14F26C843D200630601 /* TweetCell.swift in Sources */ = {isa = PBXBuildFile; fileRef = 67D1A14E26C843D200630601 /* TweetCell.swift */; };
		67D1A15226C84B3000630601 /* SearchView.swift in Sources */ = {isa = PBXBuildFile; fileRef = 67D1A15126C84B3000630601 /* SearchView.swift */; };
		67D1A15426C84BDD00630601 /* SearchBar.swift in Sources */ = {isa = PBXBuildFile; fileRef = 67D1A15326C84BDD00630601 /* SearchBar.swift */; };
		67D1A15626C9308700630601 /* UserCell.swift in Sources */ = {isa = PBXBuildFile; fileRef = 67D1A15526C9308700630601 /* UserCell.swift */; };
		67D1A15926C9357700630601 /* ConversationsView.swift in Sources */ = {isa = PBXBuildFile; fileRef = 67D1A15826C9357700630601 /* ConversationsView.swift */; };
		67D1A15B26C9358500630601 /* ConversationCell.swift in Sources */ = {isa = PBXBuildFile; fileRef = 67D1A15A26C9358500630601 /* ConversationCell.swift */; };
		67D1A15D26C93C1700630601 /* MessageInputView.swift in Sources */ = {isa = PBXBuildFile; fileRef = 67D1A15C26C93C1700630601 /* MessageInputView.swift */; };
		67D1A15F26C93C9B00630601 /* ChatView.swift in Sources */ = {isa = PBXBuildFile; fileRef = 67D1A15E26C93C9B00630601 /* ChatView.swift */; };
		67D1A16126C94CA900630601 /* ChatBubble.swift in Sources */ = {isa = PBXBuildFile; fileRef = 67D1A16026C94CA900630601 /* ChatBubble.swift */; };
		67D1A16326C94F4800630601 /* Message.swift in Sources */ = {isa = PBXBuildFile; fileRef = 67D1A16226C94F4800630601 /* Message.swift */; };
		67D1A16526C9540300630601 /* MessageView.swift in Sources */ = {isa = PBXBuildFile; fileRef = 67D1A16426C9540300630601 /* MessageView.swift */; };
		67D1A16726C9552500630601 /* NewMessageView.swift in Sources */ = {isa = PBXBuildFile; fileRef = 67D1A16626C9552500630601 /* NewMessageView.swift */; };
		67FD827126F0B28B005F600F /* NotificationCountViewModel.swift in Sources */ = {isa = PBXBuildFile; fileRef = 67FD827026F0B28B005F600F /* NotificationCountViewModel.swift */; };
		67FD827C26F0CC42005F600F /* MainTabView.swift in Sources */ = {isa = PBXBuildFile; fileRef = 67FD827B26F0CC42005F600F /* MainTabView.swift */; };
		67FD827E26F0E0C5005F600F /* TabBarView.swift in Sources */ = {isa = PBXBuildFile; fileRef = 67FD827D26F0E0C5005F600F /* TabBarView.swift */; };
		8051F858C3E1FDB403163F79 /* Pods_OneSignalNotificationServiceExtension.framework in Frameworks */ = {isa = PBXBuildFile; fileRef = 672B6B536C79281350C0350D /* Pods_OneSignalNotificationServiceExtension.framework */; };
/* End PBXBuildFile section */

/* Begin PBXContainerItemProxy section */
		6713049A2711DCDB00916872 /* PBXContainerItemProxy */ = {
			isa = PBXContainerItemProxy;
			containerPortal = 67D1A12926C83C3900630601 /* Project object */;
			proxyType = 1;
			remoteGlobalIDString = 671304942711DCDB00916872;
			remoteInfo = OneSignalNotificationServiceExtension;
		};
/* End PBXContainerItemProxy section */

/* Begin PBXCopyFilesBuildPhase section */
		671304A02711DCDB00916872 /* Embed App Extensions */ = {
			isa = PBXCopyFilesBuildPhase;
			buildActionMask = 2147483647;
			dstPath = "";
			dstSubfolderSpec = 13;
			files = (
				6713049C2711DCDB00916872 /* OneSignalNotificationServiceExtension.appex in Embed App Extensions */,
			);
			name = "Embed App Extensions";
			runOnlyForDeploymentPostprocessing = 0;
		};
/* End PBXCopyFilesBuildPhase section */

/* Begin PBXFileReference section */
		3E12CFFA862D8C4131A4DFC9 /* Pods-OneSignalNotificationServiceExtension.release.xcconfig */ = {isa = PBXFileReference; includeInIndex = 1; lastKnownFileType = text.xcconfig; name = "Pods-OneSignalNotificationServiceExtension.release.xcconfig"; path = "Target Support Files/Pods-OneSignalNotificationServiceExtension/Pods-OneSignalNotificationServiceExtension.release.xcconfig"; sourceTree = "<group>"; };
		637C9F1F523E12A781DE2DDE /* Pods-NewWorldNetwork-OneSignalNotificationServiceExtension.release.xcconfig */ = {isa = PBXFileReference; includeInIndex = 1; lastKnownFileType = text.xcconfig; name = "Pods-NewWorldNetwork-OneSignalNotificationServiceExtension.release.xcconfig"; path = "Target Support Files/Pods-NewWorldNetwork-OneSignalNotificationServiceExtension/Pods-NewWorldNetwork-OneSignalNotificationServiceExtension.release.xcconfig"; sourceTree = "<group>"; };
		6705299D26F8D33C006D4D73 /* PinchZoomView.swift */ = {isa = PBXFileReference; lastKnownFileType = sourcecode.swift; path = PinchZoomView.swift; sourceTree = "<group>"; };
		6707F0F22701B29800820CDE /* ImageCache.swift */ = {isa = PBXFileReference; fileEncoding = 4; lastKnownFileType = sourcecode.swift; path = ImageCache.swift; sourceTree = "<group>"; };
		6707F0F32701B29800820CDE /* AsyncImage.swift */ = {isa = PBXFileReference; fileEncoding = 4; lastKnownFileType = sourcecode.swift; path = AsyncImage.swift; sourceTree = "<group>"; };
		6707F0F42701B29800820CDE /* ImageLoader.swift */ = {isa = PBXFileReference; fileEncoding = 4; lastKnownFileType = sourcecode.swift; path = ImageLoader.swift; sourceTree = "<group>"; };
		6707F0F62701B29800820CDE /* EnvironmentValues+ImageCache.swift */ = {isa = PBXFileReference; fileEncoding = 4; lastKnownFileType = sourcecode.swift; path = "EnvironmentValues+ImageCache.swift"; sourceTree = "<group>"; };
		6707F1062701C68900820CDE /* SideBarMenuView.swift */ = {isa = PBXFileReference; lastKnownFileType = sourcecode.swift; path = SideBarMenuView.swift; sourceTree = "<group>"; };
		6707F1082701CC2400820CDE /* SideBarContentView.swift */ = {isa = PBXFileReference; lastKnownFileType = sourcecode.swift; path = SideBarContentView.swift; sourceTree = "<group>"; };
		6707F10A27020EE800820CDE /* FollowStatsView.swift */ = {isa = PBXFileReference; lastKnownFileType = sourcecode.swift; path = FollowStatsView.swift; sourceTree = "<group>"; };
		6707F10C27020EF600820CDE /* FollowStatsFilterButtonView.swift */ = {isa = PBXFileReference; lastKnownFileType = sourcecode.swift; path = FollowStatsFilterButtonView.swift; sourceTree = "<group>"; };
		6707F10E27020FA300820CDE /* FollowStatsViewModel.swift */ = {isa = PBXFileReference; lastKnownFileType = sourcecode.swift; path = FollowStatsViewModel.swift; sourceTree = "<group>"; };
		671304952711DCDB00916872 /* OneSignalNotificationServiceExtension.appex */ = {isa = PBXFileReference; explicitFileType = "wrapper.app-extension"; includeInIndex = 0; path = OneSignalNotificationServiceExtension.appex; sourceTree = BUILT_PRODUCTS_DIR; };
		671304972711DCDB00916872 /* NotificationService.swift */ = {isa = PBXFileReference; lastKnownFileType = sourcecode.swift; path = NotificationService.swift; sourceTree = "<group>"; };
		671304992711DCDB00916872 /* Info.plist */ = {isa = PBXFileReference; lastKnownFileType = text.plist.xml; path = Info.plist; sourceTree = "<group>"; };
		6717E91A26FB998400A84702 /* ReplyBlockView.swift */ = {isa = PBXFileReference; lastKnownFileType = sourcecode.swift; path = ReplyBlockView.swift; sourceTree = "<group>"; };
		6717E92426FDE69B00A84702 /* TweetOptions.swift */ = {isa = PBXFileReference; lastKnownFileType = sourcecode.swift; path = TweetOptions.swift; sourceTree = "<group>"; };
		6717E92C26FE067B00A84702 /* TweetOptionsViewModel.swift */ = {isa = PBXFileReference; lastKnownFileType = sourcecode.swift; path = TweetOptionsViewModel.swift; sourceTree = "<group>"; };
		6717E92E26FF1F8A00A84702 /* TweetStatsView.swift */ = {isa = PBXFileReference; lastKnownFileType = sourcecode.swift; path = TweetStatsView.swift; sourceTree = "<group>"; };
		6717E93026FF220900A84702 /* TweetStatsFilterButtonView.swift */ = {isa = PBXFileReference; lastKnownFileType = sourcecode.swift; path = TweetStatsFilterButtonView.swift; sourceTree = "<group>"; };
		6717E93226FF267900A84702 /* TweetStatsViewModel.swift */ = {isa = PBXFileReference; lastKnownFileType = sourcecode.swift; path = TweetStatsViewModel.swift; sourceTree = "<group>"; };
		671A160A26FB59140071D42D /* NotificationCell.swift */ = {isa = PBXFileReference; lastKnownFileType = sourcecode.swift; path = NotificationCell.swift; sourceTree = "<group>"; };
		672B6B536C79281350C0350D /* Pods_OneSignalNotificationServiceExtension.framework */ = {isa = PBXFileReference; explicitFileType = wrapper.framework; includeInIndex = 0; path = Pods_OneSignalNotificationServiceExtension.framework; sourceTree = BUILT_PRODUCTS_DIR; };
		672F5F8028077CA000A021ED /* GoogleService-Info.plist */ = {isa = PBXFileReference; fileEncoding = 4; lastKnownFileType = text.plist.xml; path = "GoogleService-Info.plist"; sourceTree = "<group>"; };
		6734333826F26777006AA6C4 /* ImageView.swift */ = {isa = PBXFileReference; lastKnownFileType = sourcecode.swift; path = ImageView.swift; sourceTree = "<group>"; };
		6734333A26F3ABFC006AA6C4 /* ImageFullScreenView.swift */ = {isa = PBXFileReference; lastKnownFileType = sourcecode.swift; path = ImageFullScreenView.swift; sourceTree = "<group>"; };
		6748E8D026E8F09F008184B7 /* UploadReplyViewModel.swift */ = {isa = PBXFileReference; lastKnownFileType = sourcecode.swift; path = UploadReplyViewModel.swift; sourceTree = "<group>"; };
		6748E8D226E8F756008184B7 /* Reply.swift */ = {isa = PBXFileReference; lastKnownFileType = sourcecode.swift; path = Reply.swift; sourceTree = "<group>"; };
		6748E8D626E8FCE6008184B7 /* ReplyCell.swift */ = {isa = PBXFileReference; lastKnownFileType = sourcecode.swift; path = ReplyCell.swift; sourceTree = "<group>"; };
		6748E8D826E8FEA3008184B7 /* ReplyViewModel.swift */ = {isa = PBXFileReference; lastKnownFileType = sourcecode.swift; path = ReplyViewModel.swift; sourceTree = "<group>"; };
		6748E8EE26EDE968008184B7 /* Notification.swift */ = {isa = PBXFileReference; lastKnownFileType = sourcecode.swift; path = Notification.swift; sourceTree = "<group>"; };
		6748E8F026EDECF7008184B7 /* NotificationViewModel.swift */ = {isa = PBXFileReference; lastKnownFileType = sourcecode.swift; path = NotificationViewModel.swift; sourceTree = "<group>"; };
		6748E8F226EDF544008184B7 /* NotificationContent.swift */ = {isa = PBXFileReference; lastKnownFileType = sourcecode.swift; path = NotificationContent.swift; sourceTree = "<group>"; };
		6748E8F626EDF9A7008184B7 /* NotificationView.swift */ = {isa = PBXFileReference; lastKnownFileType = sourcecode.swift; path = NotificationView.swift; sourceTree = "<group>"; };
		6756670226DF750700D9C1A6 /* CoreDataModel.xcdatamodel */ = {isa = PBXFileReference; lastKnownFileType = wrapper.xcdatamodel; path = CoreDataModel.xcdatamodel; sourceTree = "<group>"; };
		6756673026E2D5DB00D9C1A6 /* NewCommentView.swift */ = {isa = PBXFileReference; lastKnownFileType = sourcecode.swift; path = NewCommentView.swift; sourceTree = "<group>"; };
		675AEF0626DBB2D800020EE9 /* LazyView.swift */ = {isa = PBXFileReference; lastKnownFileType = sourcecode.swift; path = LazyView.swift; sourceTree = "<group>"; };
		675AEF0826DBC2AD00020EE9 /* ChatViewModel.swift */ = {isa = PBXFileReference; lastKnownFileType = sourcecode.swift; path = ChatViewModel.swift; sourceTree = "<group>"; };
		675AEF0A26DBCC1200020EE9 /* ConversationsViewModel.swift */ = {isa = PBXFileReference; lastKnownFileType = sourcecode.swift; path = ConversationsViewModel.swift; sourceTree = "<group>"; };
		675AEF1626DE556000020EE9 /* PullToRefreshView.swift */ = {isa = PBXFileReference; lastKnownFileType = sourcecode.swift; path = PullToRefreshView.swift; sourceTree = "<group>"; };
		675D82EC275666920009429E /* ResetPasswordView.swift */ = {isa = PBXFileReference; lastKnownFileType = sourcecode.swift; path = ResetPasswordView.swift; sourceTree = "<group>"; };
		67860D27271237D300E27A4C /* NotificationSettings.swift */ = {isa = PBXFileReference; lastKnownFileType = sourcecode.swift; path = NotificationSettings.swift; sourceTree = "<group>"; };
		67860D292713124F00E27A4C /* SideSettingsView.swift */ = {isa = PBXFileReference; lastKnownFileType = sourcecode.swift; path = SideSettingsView.swift; sourceTree = "<group>"; };
		6787E1A126D3C5FC001D0B3A /* UserProfileView.swift */ = {isa = PBXFileReference; lastKnownFileType = sourcecode.swift; path = UserProfileView.swift; sourceTree = "<group>"; };
		6787E1A326D3C6C4001D0B3A /* ProfileHeaderView.swift */ = {isa = PBXFileReference; lastKnownFileType = sourcecode.swift; path = ProfileHeaderView.swift; sourceTree = "<group>"; };
		6787E1A526D3C6D0001D0B3A /* ProfileActionButtonView.swift */ = {isa = PBXFileReference; lastKnownFileType = sourcecode.swift; path = ProfileActionButtonView.swift; sourceTree = "<group>"; };
		6787E1A726D3C6E2001D0B3A /* FilterButtonView.swift */ = {isa = PBXFileReference; lastKnownFileType = sourcecode.swift; path = FilterButtonView.swift; sourceTree = "<group>"; };
		6787E1AB26D3DC2B001D0B3A /* NewTweetView.swift */ = {isa = PBXFileReference; lastKnownFileType = sourcecode.swift; path = NewTweetView.swift; sourceTree = "<group>"; };
		6787E1AF26D3E22B001D0B3A /* TextArea.swift */ = {isa = PBXFileReference; lastKnownFileType = sourcecode.swift; path = TextArea.swift; sourceTree = "<group>"; };
		6787E1B226D3E5FF001D0B3A /* LoginView.swift */ = {isa = PBXFileReference; lastKnownFileType = sourcecode.swift; path = LoginView.swift; sourceTree = "<group>"; };
		6787E1B426D3E609001D0B3A /* RegistrationView.swift */ = {isa = PBXFileReference; lastKnownFileType = sourcecode.swift; path = RegistrationView.swift; sourceTree = "<group>"; };
		6787E1B626D3E75D001D0B3A /* CustomTextField.swift */ = {isa = PBXFileReference; lastKnownFileType = sourcecode.swift; path = CustomTextField.swift; sourceTree = "<group>"; };
		6787E1B826D3EC11001D0B3A /* CustomSecureField.swift */ = {isa = PBXFileReference; lastKnownFileType = sourcecode.swift; path = CustomSecureField.swift; sourceTree = "<group>"; };
		6787E1BA26D3FEB7001D0B3A /* ImagePicker.swift */ = {isa = PBXFileReference; lastKnownFileType = sourcecode.swift; path = ImagePicker.swift; sourceTree = "<group>"; };
		678876BB26D53F4500D79AE9 /* AuthViewModel.swift */ = {isa = PBXFileReference; lastKnownFileType = sourcecode.swift; path = AuthViewModel.swift; sourceTree = "<group>"; };
		678876BD26D55A5200D79AE9 /* User.swift */ = {isa = PBXFileReference; lastKnownFileType = sourcecode.swift; path = User.swift; sourceTree = "<group>"; };
		678876C226D565DE00D79AE9 /* SearchViewModel.swift */ = {isa = PBXFileReference; lastKnownFileType = sourcecode.swift; path = SearchViewModel.swift; sourceTree = "<group>"; };
		678876C426D5665B00D79AE9 /* Constants.swift */ = {isa = PBXFileReference; lastKnownFileType = sourcecode.swift; path = Constants.swift; sourceTree = "<group>"; };
		678876C626D6555A00D79AE9 /* ProfileViewModel.swift */ = {isa = PBXFileReference; lastKnownFileType = sourcecode.swift; path = ProfileViewModel.swift; sourceTree = "<group>"; };
		678876C826D67F7C00D79AE9 /* UploadTweetViewModel.swift */ = {isa = PBXFileReference; lastKnownFileType = sourcecode.swift; path = UploadTweetViewModel.swift; sourceTree = "<group>"; };
		678876CA26D686DF00D79AE9 /* FeedViewModel.swift */ = {isa = PBXFileReference; lastKnownFileType = sourcecode.swift; path = FeedViewModel.swift; sourceTree = "<group>"; };
		678876CC26D6871900D79AE9 /* Tweet.swift */ = {isa = PBXFileReference; lastKnownFileType = sourcecode.swift; path = Tweet.swift; sourceTree = "<group>"; };
		678876CE26D6906700D79AE9 /* TweetDetailView.swift */ = {isa = PBXFileReference; lastKnownFileType = sourcecode.swift; path = TweetDetailView.swift; sourceTree = "<group>"; };
		678876D026D6953900D79AE9 /* TweetActionsView.swift */ = {isa = PBXFileReference; lastKnownFileType = sourcecode.swift; path = TweetActionsView.swift; sourceTree = "<group>"; };
		678876D226D6996E00D79AE9 /* TweetActionViewModel.swift */ = {isa = PBXFileReference; lastKnownFileType = sourcecode.swift; path = TweetActionViewModel.swift; sourceTree = "<group>"; };
		67A934002705D8F900A5D020 /* BannerAd.swift */ = {isa = PBXFileReference; lastKnownFileType = sourcecode.swift; path = BannerAd.swift; sourceTree = "<group>"; };
		67A9340C2706447100A5D020 /* FullScreenModifier.swift */ = {isa = PBXFileReference; lastKnownFileType = sourcecode.swift; path = FullScreenModifier.swift; sourceTree = "<group>"; };
		67A9340E270646C600A5D020 /* RewardedAd.swift */ = {isa = PBXFileReference; lastKnownFileType = sourcecode.swift; path = RewardedAd.swift; sourceTree = "<group>"; };
		67A934102706470500A5D020 /* InterstitialAd.swift */ = {isa = PBXFileReference; lastKnownFileType = sourcecode.swift; path = InterstitialAd.swift; sourceTree = "<group>"; };
		67A934192707DC2B00A5D020 /* ReportViewModel.swift */ = {isa = PBXFileReference; lastKnownFileType = sourcecode.swift; path = ReportViewModel.swift; sourceTree = "<group>"; };
		67A9341C2707E17B00A5D020 /* ReplyOptions.swift */ = {isa = PBXFileReference; lastKnownFileType = sourcecode.swift; path = ReplyOptions.swift; sourceTree = "<group>"; };
		67A9341E2707E23F00A5D020 /* ReplyOptionsViewModel.swift */ = {isa = PBXFileReference; lastKnownFileType = sourcecode.swift; path = ReplyOptionsViewModel.swift; sourceTree = "<group>"; };
		67A934202707EF7D00A5D020 /* UserProfileOptions.swift */ = {isa = PBXFileReference; lastKnownFileType = sourcecode.swift; path = UserProfileOptions.swift; sourceTree = "<group>"; };
		67A934222707FC2A00A5D020 /* QuestionGeneralBlockView.swift */ = {isa = PBXFileReference; lastKnownFileType = sourcecode.swift; path = QuestionGeneralBlockView.swift; sourceTree = "<group>"; };
		67A9342C2708D7E600A5D020 /* BlockedUsersView.swift */ = {isa = PBXFileReference; lastKnownFileType = sourcecode.swift; path = BlockedUsersView.swift; sourceTree = "<group>"; };
		67A93436270CC83800A5D020 /* NavigationBarView.swift */ = {isa = PBXFileReference; lastKnownFileType = sourcecode.swift; path = NavigationBarView.swift; sourceTree = "<group>"; };
		67AD3AD226E4F5AB004B1C3D /* TweetBlockView.swift */ = {isa = PBXFileReference; lastKnownFileType = sourcecode.swift; path = TweetBlockView.swift; sourceTree = "<group>"; };
		67AD3AD426E50F81004B1C3D /* ButtonStyle.swift */ = {isa = PBXFileReference; lastKnownFileType = sourcecode.swift; path = ButtonStyle.swift; sourceTree = "<group>"; };
		67AF923B26F9DC0E0016E217 /* ImageLoadFailed.swift */ = {isa = PBXFileReference; lastKnownFileType = sourcecode.swift; path = ImageLoadFailed.swift; sourceTree = "<group>"; };
		67C0C77427033EB400138809 /* QuestionAnswerView.swift */ = {isa = PBXFileReference; lastKnownFileType = sourcecode.swift; path = QuestionAnswerView.swift; sourceTree = "<group>"; };
		67C0C7762703459600138809 /* QuestionAnswerTabView.swift */ = {isa = PBXFileReference; lastKnownFileType = sourcecode.swift; path = QuestionAnswerTabView.swift; sourceTree = "<group>"; };
		67C0C7782703534400138809 /* NewQuestionView.swift */ = {isa = PBXFileReference; lastKnownFileType = sourcecode.swift; path = NewQuestionView.swift; sourceTree = "<group>"; };
		67C0C77A270354DA00138809 /* UploadQuestionViewModel.swift */ = {isa = PBXFileReference; lastKnownFileType = sourcecode.swift; path = UploadQuestionViewModel.swift; sourceTree = "<group>"; };
		67C0C77C2703597500138809 /* NewQuestionTextArea.swift */ = {isa = PBXFileReference; lastKnownFileType = sourcecode.swift; path = NewQuestionTextArea.swift; sourceTree = "<group>"; };
		67C0C780270361CD00138809 /* Question.swift */ = {isa = PBXFileReference; lastKnownFileType = sourcecode.swift; path = Question.swift; sourceTree = "<group>"; };
		67C0C7822703657500138809 /* QuestionAnswerViewModel.swift */ = {isa = PBXFileReference; lastKnownFileType = sourcecode.swift; path = QuestionAnswerViewModel.swift; sourceTree = "<group>"; };
		67C0C7842703665600138809 /* QuestionBlockView.swift */ = {isa = PBXFileReference; lastKnownFileType = sourcecode.swift; path = QuestionBlockView.swift; sourceTree = "<group>"; };
		67C0C7862703674200138809 /* QuestionDetailView.swift */ = {isa = PBXFileReference; lastKnownFileType = sourcecode.swift; path = QuestionDetailView.swift; sourceTree = "<group>"; };
		67C0C7882703681700138809 /* QuestionCell.swift */ = {isa = PBXFileReference; lastKnownFileType = sourcecode.swift; path = QuestionCell.swift; sourceTree = "<group>"; };
		67C0C78B270371DB00138809 /* QuestionOptionsView.swift */ = {isa = PBXFileReference; lastKnownFileType = sourcecode.swift; path = QuestionOptionsView.swift; sourceTree = "<group>"; };
		67C0C78D2703720E00138809 /* QuestionOptionsViewModel.swift */ = {isa = PBXFileReference; lastKnownFileType = sourcecode.swift; path = QuestionOptionsViewModel.swift; sourceTree = "<group>"; };
		67C0C78F2703784500138809 /* AnswerViewModel.swift */ = {isa = PBXFileReference; lastKnownFileType = sourcecode.swift; path = AnswerViewModel.swift; sourceTree = "<group>"; };
		67C0C7912703786A00138809 /* Answer.swift */ = {isa = PBXFileReference; lastKnownFileType = sourcecode.swift; path = Answer.swift; sourceTree = "<group>"; };
		67C0C79327037B0E00138809 /* AnswerBlockView.swift */ = {isa = PBXFileReference; lastKnownFileType = sourcecode.swift; path = AnswerBlockView.swift; sourceTree = "<group>"; };
		67C0C79527037B4D00138809 /* AnswerCell.swift */ = {isa = PBXFileReference; lastKnownFileType = sourcecode.swift; path = AnswerCell.swift; sourceTree = "<group>"; };
		67C0C79727037BAE00138809 /* NewAnswerView.swift */ = {isa = PBXFileReference; lastKnownFileType = sourcecode.swift; path = NewAnswerView.swift; sourceTree = "<group>"; };
		67C0C79927037C1B00138809 /* UploadAnswerViewModel.swift */ = {isa = PBXFileReference; lastKnownFileType = sourcecode.swift; path = UploadAnswerViewModel.swift; sourceTree = "<group>"; };
		67C0C79B2703C53A00138809 /* AnswerOptionsView.swift */ = {isa = PBXFileReference; lastKnownFileType = sourcecode.swift; path = AnswerOptionsView.swift; sourceTree = "<group>"; };
		67C0C79D2703C74700138809 /* AnswerOptionsViewModel.swift */ = {isa = PBXFileReference; lastKnownFileType = sourcecode.swift; path = AnswerOptionsViewModel.swift; sourceTree = "<group>"; };
		67C0C7A12704854C00138809 /* QuestionAnswerSearchView.swift */ = {isa = PBXFileReference; lastKnownFileType = sourcecode.swift; path = QuestionAnswerSearchView.swift; sourceTree = "<group>"; };
		67C0C7A3270490B200138809 /* QuestionAnswerSearchBar.swift */ = {isa = PBXFileReference; lastKnownFileType = sourcecode.swift; path = QuestionAnswerSearchBar.swift; sourceTree = "<group>"; };
		67C0C7A52704A4B900138809 /* SendBugView.swift */ = {isa = PBXFileReference; lastKnownFileType = sourcecode.swift; path = SendBugView.swift; sourceTree = "<group>"; };
		67C0C7A72704A81800138809 /* SendBugTextArea.swift */ = {isa = PBXFileReference; lastKnownFileType = sourcecode.swift; path = SendBugTextArea.swift; sourceTree = "<group>"; };
		67C0C7A92704ABFD00138809 /* UploadBugReportViewModel.swift */ = {isa = PBXFileReference; lastKnownFileType = sourcecode.swift; path = UploadBugReportViewModel.swift; sourceTree = "<group>"; };
		67CA2E7028081795000617BE /* AllPrivateKeys.swift */ = {isa = PBXFileReference; lastKnownFileType = sourcecode.swift; path = AllPrivateKeys.swift; sourceTree = "<group>"; };
		67D1A13126C83C3900630601 /* NewWorldNetwork.app */ = {isa = PBXFileReference; explicitFileType = wrapper.application; includeInIndex = 0; path = NewWorldNetwork.app; sourceTree = BUILT_PRODUCTS_DIR; };
		67D1A13426C83C3900630601 /* AppDelegate.swift */ = {isa = PBXFileReference; lastKnownFileType = sourcecode.swift; path = AppDelegate.swift; sourceTree = "<group>"; };
		67D1A13626C83C3900630601 /* SceneDelegate.swift */ = {isa = PBXFileReference; lastKnownFileType = sourcecode.swift; path = SceneDelegate.swift; sourceTree = "<group>"; };
		67D1A13826C83C3900630601 /* ContentView.swift */ = {isa = PBXFileReference; lastKnownFileType = sourcecode.swift; path = ContentView.swift; sourceTree = "<group>"; };
		67D1A13A26C83C3A00630601 /* Assets.xcassets */ = {isa = PBXFileReference; lastKnownFileType = folder.assetcatalog; path = Assets.xcassets; sourceTree = "<group>"; };
		67D1A13D26C83C3A00630601 /* Preview Assets.xcassets */ = {isa = PBXFileReference; lastKnownFileType = folder.assetcatalog; path = "Preview Assets.xcassets"; sourceTree = "<group>"; };
		67D1A14026C83C3A00630601 /* Base */ = {isa = PBXFileReference; lastKnownFileType = file.storyboard; name = Base; path = Base.lproj/LaunchScreen.storyboard; sourceTree = "<group>"; };
		67D1A14226C83C3A00630601 /* Info.plist */ = {isa = PBXFileReference; lastKnownFileType = text.plist.xml; path = Info.plist; sourceTree = "<group>"; };
		67D1A14C26C83FBE00630601 /* FeedView.swift */ = {isa = PBXFileReference; lastKnownFileType = sourcecode.swift; path = FeedView.swift; sourceTree = "<group>"; };
		67D1A14E26C843D200630601 /* TweetCell.swift */ = {isa = PBXFileReference; lastKnownFileType = sourcecode.swift; path = TweetCell.swift; sourceTree = "<group>"; };
		67D1A15126C84B3000630601 /* SearchView.swift */ = {isa = PBXFileReference; lastKnownFileType = sourcecode.swift; path = SearchView.swift; sourceTree = "<group>"; };
		67D1A15326C84BDD00630601 /* SearchBar.swift */ = {isa = PBXFileReference; lastKnownFileType = sourcecode.swift; path = SearchBar.swift; sourceTree = "<group>"; };
		67D1A15526C9308700630601 /* UserCell.swift */ = {isa = PBXFileReference; lastKnownFileType = sourcecode.swift; path = UserCell.swift; sourceTree = "<group>"; };
		67D1A15826C9357700630601 /* ConversationsView.swift */ = {isa = PBXFileReference; lastKnownFileType = sourcecode.swift; path = ConversationsView.swift; sourceTree = "<group>"; };
		67D1A15A26C9358500630601 /* ConversationCell.swift */ = {isa = PBXFileReference; lastKnownFileType = sourcecode.swift; path = ConversationCell.swift; sourceTree = "<group>"; };
		67D1A15C26C93C1700630601 /* MessageInputView.swift */ = {isa = PBXFileReference; lastKnownFileType = sourcecode.swift; path = MessageInputView.swift; sourceTree = "<group>"; };
		67D1A15E26C93C9B00630601 /* ChatView.swift */ = {isa = PBXFileReference; lastKnownFileType = sourcecode.swift; path = ChatView.swift; sourceTree = "<group>"; };
		67D1A16026C94CA900630601 /* ChatBubble.swift */ = {isa = PBXFileReference; lastKnownFileType = sourcecode.swift; path = ChatBubble.swift; sourceTree = "<group>"; };
		67D1A16226C94F4800630601 /* Message.swift */ = {isa = PBXFileReference; lastKnownFileType = sourcecode.swift; path = Message.swift; sourceTree = "<group>"; };
		67D1A16426C9540300630601 /* MessageView.swift */ = {isa = PBXFileReference; lastKnownFileType = sourcecode.swift; path = MessageView.swift; sourceTree = "<group>"; };
		67D1A16626C9552500630601 /* NewMessageView.swift */ = {isa = PBXFileReference; lastKnownFileType = sourcecode.swift; path = NewMessageView.swift; sourceTree = "<group>"; };
		67FD827026F0B28B005F600F /* NotificationCountViewModel.swift */ = {isa = PBXFileReference; lastKnownFileType = sourcecode.swift; path = NotificationCountViewModel.swift; sourceTree = "<group>"; };
		67FD827B26F0CC42005F600F /* MainTabView.swift */ = {isa = PBXFileReference; lastKnownFileType = sourcecode.swift; path = MainTabView.swift; sourceTree = "<group>"; };
		67FD827D26F0E0C5005F600F /* TabBarView.swift */ = {isa = PBXFileReference; lastKnownFileType = sourcecode.swift; path = TabBarView.swift; sourceTree = "<group>"; };
		805B1B78253DC5FE1FC8EB11 /* Pods-OneSignalNotificationServiceExtension.debug.xcconfig */ = {isa = PBXFileReference; includeInIndex = 1; lastKnownFileType = text.xcconfig; name = "Pods-OneSignalNotificationServiceExtension.debug.xcconfig"; path = "Target Support Files/Pods-OneSignalNotificationServiceExtension/Pods-OneSignalNotificationServiceExtension.debug.xcconfig"; sourceTree = "<group>"; };
		A9C3DA55E6CBDFA47DA9925B /* Pods-NewWorldNetwork.release.xcconfig */ = {isa = PBXFileReference; includeInIndex = 1; lastKnownFileType = text.xcconfig; name = "Pods-NewWorldNetwork.release.xcconfig"; path = "Target Support Files/Pods-NewWorldNetwork/Pods-NewWorldNetwork.release.xcconfig"; sourceTree = "<group>"; };
		BD7FE81D0AF417590D4E4501 /* Pods-NewWorldNetwork-OneSignalNotificationServiceExtension.debug.xcconfig */ = {isa = PBXFileReference; includeInIndex = 1; lastKnownFileType = text.xcconfig; name = "Pods-NewWorldNetwork-OneSignalNotificationServiceExtension.debug.xcconfig"; path = "Target Support Files/Pods-NewWorldNetwork-OneSignalNotificationServiceExtension/Pods-NewWorldNetwork-OneSignalNotificationServiceExtension.debug.xcconfig"; sourceTree = "<group>"; };
		C8BA217EA704DE090EA1CBF8 /* Pods_NewWorldNetwork.framework */ = {isa = PBXFileReference; explicitFileType = wrapper.framework; includeInIndex = 0; path = Pods_NewWorldNetwork.framework; sourceTree = BUILT_PRODUCTS_DIR; };
		D047B06FDEF1567C1F60CEA8 /* Pods-NewWorldNetwork.debug.xcconfig */ = {isa = PBXFileReference; includeInIndex = 1; lastKnownFileType = text.xcconfig; name = "Pods-NewWorldNetwork.debug.xcconfig"; path = "Target Support Files/Pods-NewWorldNetwork/Pods-NewWorldNetwork.debug.xcconfig"; sourceTree = "<group>"; };
/* End PBXFileReference section */

/* Begin PBXFrameworksBuildPhase section */
		671304922711DCDB00916872 /* Frameworks */ = {
			isa = PBXFrameworksBuildPhase;
			buildActionMask = 2147483647;
			files = (
				8051F858C3E1FDB403163F79 /* Pods_OneSignalNotificationServiceExtension.framework in Frameworks */,
			);
			runOnlyForDeploymentPostprocessing = 0;
		};
		67D1A12E26C83C3900630601 /* Frameworks */ = {
			isa = PBXFrameworksBuildPhase;
			buildActionMask = 2147483647;
			files = (
				5EB42DB3A0DD54653F5962FB /* Pods_NewWorldNetwork.framework in Frameworks */,
			);
			runOnlyForDeploymentPostprocessing = 0;
		};
/* End PBXFrameworksBuildPhase section */

/* Begin PBXGroup section */
		2243492429F107E29A8F294E /* Frameworks */ = {
			isa = PBXGroup;
			children = (
				C8BA217EA704DE090EA1CBF8 /* Pods_NewWorldNetwork.framework */,
				672B6B536C79281350C0350D /* Pods_OneSignalNotificationServiceExtension.framework */,
			);
			name = Frameworks;
			sourceTree = "<group>";
		};
		6707F0F12701B25600820CDE /* AsyncImage */ = {
			isa = PBXGroup;
			children = (
				6707F0F32701B29800820CDE /* AsyncImage.swift */,
				6707F0F62701B29800820CDE /* EnvironmentValues+ImageCache.swift */,
				6707F0F22701B29800820CDE /* ImageCache.swift */,
				6707F0F42701B29800820CDE /* ImageLoader.swift */,
			);
			path = AsyncImage;
			sourceTree = "<group>";
		};
		6707F0FC2701B2EB00820CDE /* App */ = {
			isa = PBXGroup;
			children = (
				67D1A13426C83C3900630601 /* AppDelegate.swift */,
				67D1A13626C83C3900630601 /* SceneDelegate.swift */,
			);
			path = App;
			sourceTree = "<group>";
		};
		6707F0FD2701B30C00820CDE /* Supporting Files */ = {
			isa = PBXGroup;
			children = (
				67D1A13F26C83C3A00630601 /* LaunchScreen.storyboard */,
				67D1A13A26C83C3A00630601 /* Assets.xcassets */,
				6756670126DF750700D9C1A6 /* CoreDataModel.xcdatamodeld */,
			);
			path = "Supporting Files";
			sourceTree = "<group>";
		};
		6707F1052701C0DE00820CDE /* Login */ = {
			isa = PBXGroup;
			children = (
				678876BB26D53F4500D79AE9 /* AuthViewModel.swift */,
			);
			path = Login;
			sourceTree = "<group>";
		};
		671304962711DCDB00916872 /* OneSignalNotificationServiceExtension */ = {
			isa = PBXGroup;
			children = (
				671304972711DCDB00916872 /* NotificationService.swift */,
				671304992711DCDB00916872 /* Info.plist */,
			);
			path = OneSignalNotificationServiceExtension;
			sourceTree = "<group>";
		};
		6717E91C26FB99D600A84702 /* TweetDetail */ = {
			isa = PBXGroup;
			children = (
				678876CE26D6906700D79AE9 /* TweetDetailView.swift */,
				6717E91A26FB998400A84702 /* ReplyBlockView.swift */,
				6748E8D626E8FCE6008184B7 /* ReplyCell.swift */,
				67A9341C2707E17B00A5D020 /* ReplyOptions.swift */,
			);
			path = TweetDetail;
			sourceTree = "<group>";
		};
		6717E91D26FBA32E00A84702 /* Tweet */ = {
			isa = PBXGroup;
			children = (
				6717E91C26FB99D600A84702 /* TweetDetail */,
				67AD3AD226E4F5AB004B1C3D /* TweetBlockView.swift */,
				67D1A14E26C843D200630601 /* TweetCell.swift */,
				6717E92426FDE69B00A84702 /* TweetOptions.swift */,
				6756673026E2D5DB00D9C1A6 /* NewCommentView.swift */,
			);
			path = Tweet;
			sourceTree = "<group>";
		};
		6787E1A026D3C5C9001D0B3A /* Profile */ = {
			isa = PBXGroup;
			children = (
				6787E1A126D3C5FC001D0B3A /* UserProfileView.swift */,
				67A934202707EF7D00A5D020 /* UserProfileOptions.swift */,
				6787E1A326D3C6C4001D0B3A /* ProfileHeaderView.swift */,
				6707F10A27020EE800820CDE /* FollowStatsView.swift */,
				6707F10C27020EF600820CDE /* FollowStatsFilterButtonView.swift */,
				6787E1A526D3C6D0001D0B3A /* ProfileActionButtonView.swift */,
				6787E1A726D3C6E2001D0B3A /* FilterButtonView.swift */,
			);
			path = Profile;
			sourceTree = "<group>";
		};
		6787E1AA26D3DC17001D0B3A /* Tweets */ = {
			isa = PBXGroup;
			children = (
				6717E91D26FBA32E00A84702 /* Tweet */,
				6787E1AB26D3DC2B001D0B3A /* NewTweetView.swift */,
				678876D026D6953900D79AE9 /* TweetActionsView.swift */,
				6717E92E26FF1F8A00A84702 /* TweetStatsView.swift */,
				6717E93026FF220900A84702 /* TweetStatsFilterButtonView.swift */,
			);
			path = Tweets;
			sourceTree = "<group>";
		};
		6787E1AD26D3E20F001D0B3A /* Utils */ = {
			isa = PBXGroup;
			children = (
				6787E1AE26D3E217001D0B3A /* Views */,
				67CA2E7028081795000617BE /* AllPrivateKeys.swift */,
				678876C426D5665B00D79AE9 /* Constants.swift */,
				67AD3AD426E50F81004B1C3D /* ButtonStyle.swift */,
			);
			path = Utils;
			sourceTree = "<group>";
		};
		6787E1AE26D3E217001D0B3A /* Views */ = {
			isa = PBXGroup;
			children = (
				6787E1AF26D3E22B001D0B3A /* TextArea.swift */,
				6734333826F26777006AA6C4 /* ImageView.swift */,
				6787E1B626D3E75D001D0B3A /* CustomTextField.swift */,
				6787E1B826D3EC11001D0B3A /* CustomSecureField.swift */,
				6787E1BA26D3FEB7001D0B3A /* ImagePicker.swift */,
				675AEF0626DBB2D800020EE9 /* LazyView.swift */,
			);
			path = Views;
			sourceTree = "<group>";
		};
		6787E1B126D3E5EE001D0B3A /* Login */ = {
			isa = PBXGroup;
			children = (
				6787E1B226D3E5FF001D0B3A /* LoginView.swift */,
				675D82EC275666920009429E /* ResetPasswordView.swift */,
				6787E1B426D3E609001D0B3A /* RegistrationView.swift */,
			);
			path = Login;
			sourceTree = "<group>";
		};
		67A933F22705D27100A5D020 /* AdMob */ = {
			isa = PBXGroup;
			children = (
				67A934002705D8F900A5D020 /* BannerAd.swift */,
				67A934102706470500A5D020 /* InterstitialAd.swift */,
				67A9340E270646C600A5D020 /* RewardedAd.swift */,
				67A9340C2706447100A5D020 /* FullScreenModifier.swift */,
			);
			path = AdMob;
			sourceTree = "<group>";
		};
		67A9341B2707DC8D00A5D020 /* Main */ = {
			isa = PBXGroup;
			children = (
				67A934192707DC2B00A5D020 /* ReportViewModel.swift */,
			);
			path = Main;
			sourceTree = "<group>";
		};
		67C0C77327033E4200138809 /* Question&Answer */ = {
			isa = PBXGroup;
			children = (
				67C0C77427033EB400138809 /* QuestionAnswerView.swift */,
				67A934222707FC2A00A5D020 /* QuestionGeneralBlockView.swift */,
				67C0C7A12704854C00138809 /* QuestionAnswerSearchView.swift */,
				67C0C7A3270490B200138809 /* QuestionAnswerSearchBar.swift */,
				67C0C7782703534400138809 /* NewQuestionView.swift */,
				67C0C77C2703597500138809 /* NewQuestionTextArea.swift */,
				67C0C7842703665600138809 /* QuestionBlockView.swift */,
				67C0C78B270371DB00138809 /* QuestionOptionsView.swift */,
				67C0C7862703674200138809 /* QuestionDetailView.swift */,
				67C0C7882703681700138809 /* QuestionCell.swift */,
				67C0C79327037B0E00138809 /* AnswerBlockView.swift */,
				67C0C79527037B4D00138809 /* AnswerCell.swift */,
				67C0C79B2703C53A00138809 /* AnswerOptionsView.swift */,
				67C0C79727037BAE00138809 /* NewAnswerView.swift */,
			);
			path = "Question&Answer";
			sourceTree = "<group>";
		};
		67C0C78A2703690800138809 /* Question&Answer */ = {
			isa = PBXGroup;
			children = (
				67C0C7822703657500138809 /* QuestionAnswerViewModel.swift */,
				67C0C77A270354DA00138809 /* UploadQuestionViewModel.swift */,
				67C0C78D2703720E00138809 /* QuestionOptionsViewModel.swift */,
				67C0C79D2703C74700138809 /* AnswerOptionsViewModel.swift */,
				67C0C78F2703784500138809 /* AnswerViewModel.swift */,
				67C0C79927037C1B00138809 /* UploadAnswerViewModel.swift */,
				67C0C7A92704ABFD00138809 /* UploadBugReportViewModel.swift */,
			);
			path = "Question&Answer";
			sourceTree = "<group>";
		};
		67D1A12826C83C3900630601 = {
			isa = PBXGroup;
			children = (
				67D1A13326C83C3900630601 /* NewWorldNetwork */,
				671304962711DCDB00916872 /* OneSignalNotificationServiceExtension */,
				67D1A13226C83C3900630601 /* Products */,
				A12D07509113E81077869FE6 /* Pods */,
				2243492429F107E29A8F294E /* Frameworks */,
			);
			sourceTree = "<group>";
		};
		67D1A13226C83C3900630601 /* Products */ = {
			isa = PBXGroup;
			children = (
				67D1A13126C83C3900630601 /* NewWorldNetwork.app */,
				671304952711DCDB00916872 /* OneSignalNotificationServiceExtension.appex */,
			);
			name = Products;
			sourceTree = "<group>";
		};
		67D1A13326C83C3900630601 /* NewWorldNetwork */ = {
			isa = PBXGroup;
			children = (
				67A933F22705D27100A5D020 /* AdMob */,
				6707F0F12701B25600820CDE /* AsyncImage */,
				6787E1AD26D3E20F001D0B3A /* Utils */,
				67D1A14B26C83F8300630601 /* Model */,
				67D1A14926C83F7B00630601 /* View */,
				67D1A14826C83F7600630601 /* ViewModels */,
				6707F0FC2701B2EB00820CDE /* App */,
				6707F0FD2701B30C00820CDE /* Supporting Files */,
				67D1A13C26C83C3A00630601 /* Preview Content */,
				672F5F8028077CA000A021ED /* GoogleService-Info.plist */,
				67D1A14226C83C3A00630601 /* Info.plist */,
			);
			path = NewWorldNetwork;
			sourceTree = "<group>";
		};
		67D1A13C26C83C3A00630601 /* Preview Content */ = {
			isa = PBXGroup;
			children = (
				67D1A13D26C83C3A00630601 /* Preview Assets.xcassets */,
			);
			path = "Preview Content";
			sourceTree = "<group>";
		};
		67D1A14826C83F7600630601 /* ViewModels */ = {
			isa = PBXGroup;
			children = (
				67A9341B2707DC8D00A5D020 /* Main */,
				6707F1052701C0DE00820CDE /* Login */,
				67FD827926F0B4BF005F600F /* Feed */,
				67FD827826F0B458005F600F /* Search */,
				67FD827226F0B350005F600F /* Notification */,
				67FD827726F0B44A005F600F /* Messages */,
				67C0C78A2703690800138809 /* Question&Answer */,
			);
			path = ViewModels;
			sourceTree = "<group>";
		};
		67D1A14926C83F7B00630601 /* View */ = {
			isa = PBXGroup;
			children = (
				67FD827A26F0CC37005F600F /* Main */,
				6787E1B126D3E5EE001D0B3A /* Login */,
				67FD827426F0B3C8005F600F /* Feed  */,
				67FD827626F0B40B005F600F /* Search */,
				67FD827526F0B402005F600F /* Notification */,
				67D1A15726C9356400630601 /* Messages */,
				67C0C77327033E4200138809 /* Question&Answer */,
			);
			path = View;
			sourceTree = "<group>";
		};
		67D1A14B26C83F8300630601 /* Model */ = {
			isa = PBXGroup;
			children = (
				67D1A16226C94F4800630601 /* Message.swift */,
				678876BD26D55A5200D79AE9 /* User.swift */,
				678876CC26D6871900D79AE9 /* Tweet.swift */,
				6748E8D226E8F756008184B7 /* Reply.swift */,
				6748E8EE26EDE968008184B7 /* Notification.swift */,
				67C0C780270361CD00138809 /* Question.swift */,
				67C0C7912703786A00138809 /* Answer.swift */,
			);
			path = Model;
			sourceTree = "<group>";
		};
		67D1A15726C9356400630601 /* Messages */ = {
			isa = PBXGroup;
			children = (
				67D1A15826C9357700630601 /* ConversationsView.swift */,
				67D1A15A26C9358500630601 /* ConversationCell.swift */,
				67D1A16426C9540300630601 /* MessageView.swift */,
				67D1A15C26C93C1700630601 /* MessageInputView.swift */,
				67D1A15E26C93C9B00630601 /* ChatView.swift */,
				67D1A16026C94CA900630601 /* ChatBubble.swift */,
				67D1A16626C9552500630601 /* NewMessageView.swift */,
			);
			path = Messages;
			sourceTree = "<group>";
		};
		67FD827226F0B350005F600F /* Notification */ = {
			isa = PBXGroup;
			children = (
				6748E8F026EDECF7008184B7 /* NotificationViewModel.swift */,
				67FD827026F0B28B005F600F /* NotificationCountViewModel.swift */,
			);
			path = Notification;
			sourceTree = "<group>";
		};
		67FD827326F0B365005F600F /* Tweet */ = {
			isa = PBXGroup;
			children = (
				678876D226D6996E00D79AE9 /* TweetActionViewModel.swift */,
				678876C826D67F7C00D79AE9 /* UploadTweetViewModel.swift */,
				6748E8D826E8FEA3008184B7 /* ReplyViewModel.swift */,
				6748E8D026E8F09F008184B7 /* UploadReplyViewModel.swift */,
				6717E92C26FE067B00A84702 /* TweetOptionsViewModel.swift */,
				67A9341E2707E23F00A5D020 /* ReplyOptionsViewModel.swift */,
				6717E93226FF267900A84702 /* TweetStatsViewModel.swift */,
			);
			path = Tweet;
			sourceTree = "<group>";
		};
		67FD827426F0B3C8005F600F /* Feed  */ = {
			isa = PBXGroup;
			children = (
				6787E1AA26D3DC17001D0B3A /* Tweets */,
				67D1A14C26C83FBE00630601 /* FeedView.swift */,
				675AEF1626DE556000020EE9 /* PullToRefreshView.swift */,
			);
			path = "Feed ";
			sourceTree = "<group>";
		};
		67FD827526F0B402005F600F /* Notification */ = {
			isa = PBXGroup;
			children = (
				6748E8F626EDF9A7008184B7 /* NotificationView.swift */,
				671A160A26FB59140071D42D /* NotificationCell.swift */,
				6748E8F226EDF544008184B7 /* NotificationContent.swift */,
			);
			path = Notification;
			sourceTree = "<group>";
		};
		67FD827626F0B40B005F600F /* Search */ = {
			isa = PBXGroup;
			children = (
				6787E1A026D3C5C9001D0B3A /* Profile */,
				67D1A15126C84B3000630601 /* SearchView.swift */,
				67D1A15326C84BDD00630601 /* SearchBar.swift */,
				67D1A15526C9308700630601 /* UserCell.swift */,
			);
			path = Search;
			sourceTree = "<group>";
		};
		67FD827726F0B44A005F600F /* Messages */ = {
			isa = PBXGroup;
			children = (
				675AEF0A26DBCC1200020EE9 /* ConversationsViewModel.swift */,
				675AEF0826DBC2AD00020EE9 /* ChatViewModel.swift */,
			);
			path = Messages;
			sourceTree = "<group>";
		};
		67FD827826F0B458005F600F /* Search */ = {
			isa = PBXGroup;
			children = (
				678876C226D565DE00D79AE9 /* SearchViewModel.swift */,
				678876C626D6555A00D79AE9 /* ProfileViewModel.swift */,
				6707F10E27020FA300820CDE /* FollowStatsViewModel.swift */,
			);
			path = Search;
			sourceTree = "<group>";
		};
		67FD827926F0B4BF005F600F /* Feed */ = {
			isa = PBXGroup;
			children = (
				67FD827326F0B365005F600F /* Tweet */,
				678876CA26D686DF00D79AE9 /* FeedViewModel.swift */,
			);
			path = Feed;
			sourceTree = "<group>";
		};
		67FD827A26F0CC37005F600F /* Main */ = {
			isa = PBXGroup;
			children = (
				67FD827B26F0CC42005F600F /* MainTabView.swift */,
				67D1A13826C83C3900630601 /* ContentView.swift */,
				6707F1062701C68900820CDE /* SideBarMenuView.swift */,
				6707F1082701CC2400820CDE /* SideBarContentView.swift */,
				67860D292713124F00E27A4C /* SideSettingsView.swift */,
				67860D27271237D300E27A4C /* NotificationSettings.swift */,
				67A9342C2708D7E600A5D020 /* BlockedUsersView.swift */,
				67C0C7A52704A4B900138809 /* SendBugView.swift */,
				67C0C7A72704A81800138809 /* SendBugTextArea.swift */,
				67FD827D26F0E0C5005F600F /* TabBarView.swift */,
				67C0C7762703459600138809 /* QuestionAnswerTabView.swift */,
				67A93436270CC83800A5D020 /* NavigationBarView.swift */,
				6734333A26F3ABFC006AA6C4 /* ImageFullScreenView.swift */,
				67AF923B26F9DC0E0016E217 /* ImageLoadFailed.swift */,
				6705299D26F8D33C006D4D73 /* PinchZoomView.swift */,
			);
			path = Main;
			sourceTree = "<group>";
		};
		A12D07509113E81077869FE6 /* Pods */ = {
			isa = PBXGroup;
			children = (
				D047B06FDEF1567C1F60CEA8 /* Pods-NewWorldNetwork.debug.xcconfig */,
				A9C3DA55E6CBDFA47DA9925B /* Pods-NewWorldNetwork.release.xcconfig */,
				BD7FE81D0AF417590D4E4501 /* Pods-NewWorldNetwork-OneSignalNotificationServiceExtension.debug.xcconfig */,
				637C9F1F523E12A781DE2DDE /* Pods-NewWorldNetwork-OneSignalNotificationServiceExtension.release.xcconfig */,
				805B1B78253DC5FE1FC8EB11 /* Pods-OneSignalNotificationServiceExtension.debug.xcconfig */,
				3E12CFFA862D8C4131A4DFC9 /* Pods-OneSignalNotificationServiceExtension.release.xcconfig */,
			);
			path = Pods;
			sourceTree = "<group>";
		};
/* End PBXGroup section */

/* Begin PBXNativeTarget section */
		671304942711DCDB00916872 /* OneSignalNotificationServiceExtension */ = {
			isa = PBXNativeTarget;
			buildConfigurationList = 6713049D2711DCDB00916872 /* Build configuration list for PBXNativeTarget "OneSignalNotificationServiceExtension" */;
			buildPhases = (
				CE30911A83719A3B452F9634 /* [CP] Check Pods Manifest.lock */,
				671304912711DCDB00916872 /* Sources */,
				671304922711DCDB00916872 /* Frameworks */,
				671304932711DCDB00916872 /* Resources */,
			);
			buildRules = (
			);
			dependencies = (
			);
			name = OneSignalNotificationServiceExtension;
			productName = OneSignalNotificationServiceExtension;
			productReference = 671304952711DCDB00916872 /* OneSignalNotificationServiceExtension.appex */;
			productType = "com.apple.product-type.app-extension";
		};
		67D1A13026C83C3900630601 /* NewWorldNetwork */ = {
			isa = PBXNativeTarget;
			buildConfigurationList = 67D1A14526C83C3A00630601 /* Build configuration list for PBXNativeTarget "NewWorldNetwork" */;
			buildPhases = (
				E51C7B5DFB9D63255C156235 /* [CP] Check Pods Manifest.lock */,
				67D1A12D26C83C3900630601 /* Sources */,
				67D1A12E26C83C3900630601 /* Frameworks */,
				67D1A12F26C83C3900630601 /* Resources */,
				671304A02711DCDB00916872 /* Embed App Extensions */,
				E28CFF3971FF3B59E188A726 /* [CP] Embed Pods Frameworks */,
			);
			buildRules = (
			);
			dependencies = (
				6713049B2711DCDB00916872 /* PBXTargetDependency */,
			);
			name = NewWorldNetwork;
			productName = NewWorldSocial;
			productReference = 67D1A13126C83C3900630601 /* NewWorldNetwork.app */;
			productType = "com.apple.product-type.application";
		};
/* End PBXNativeTarget section */

/* Begin PBXProject section */
		67D1A12926C83C3900630601 /* Project object */ = {
			isa = PBXProject;
			attributes = {
				LastSwiftUpdateCheck = 1300;
				LastUpgradeCheck = 1250;
				TargetAttributes = {
					671304942711DCDB00916872 = {
						CreatedOnToolsVersion = 13.0;
					};
					67D1A13026C83C3900630601 = {
						CreatedOnToolsVersion = 12.5.1;
					};
				};
			};
			buildConfigurationList = 67D1A12C26C83C3900630601 /* Build configuration list for PBXProject "NewWorldNetwork" */;
			compatibilityVersion = "Xcode 9.3";
			developmentRegion = en;
			hasScannedForEncodings = 0;
			knownRegions = (
				en,
				Base,
			);
			mainGroup = 67D1A12826C83C3900630601;
			productRefGroup = 67D1A13226C83C3900630601 /* Products */;
			projectDirPath = "";
			projectRoot = "";
			targets = (
				67D1A13026C83C3900630601 /* NewWorldNetwork */,
				671304942711DCDB00916872 /* OneSignalNotificationServiceExtension */,
			);
		};
/* End PBXProject section */

/* Begin PBXResourcesBuildPhase section */
		671304932711DCDB00916872 /* Resources */ = {
			isa = PBXResourcesBuildPhase;
			buildActionMask = 2147483647;
			files = (
			);
			runOnlyForDeploymentPostprocessing = 0;
		};
		67D1A12F26C83C3900630601 /* Resources */ = {
			isa = PBXResourcesBuildPhase;
			buildActionMask = 2147483647;
			files = (
				672F5F8128077CA000A021ED /* GoogleService-Info.plist in Resources */,
				67D1A14126C83C3A00630601 /* LaunchScreen.storyboard in Resources */,
				67D1A13E26C83C3A00630601 /* Preview Assets.xcassets in Resources */,
				67D1A13B26C83C3A00630601 /* Assets.xcassets in Resources */,
			);
			runOnlyForDeploymentPostprocessing = 0;
		};
/* End PBXResourcesBuildPhase section */

/* Begin PBXShellScriptBuildPhase section */
		CE30911A83719A3B452F9634 /* [CP] Check Pods Manifest.lock */ = {
			isa = PBXShellScriptBuildPhase;
			buildActionMask = 2147483647;
			files = (
			);
			inputFileListPaths = (
			);
			inputPaths = (
				"${PODS_PODFILE_DIR_PATH}/Podfile.lock",
				"${PODS_ROOT}/Manifest.lock",
			);
			name = "[CP] Check Pods Manifest.lock";
			outputFileListPaths = (
			);
			outputPaths = (
				"$(DERIVED_FILE_DIR)/Pods-OneSignalNotificationServiceExtension-checkManifestLockResult.txt",
			);
			runOnlyForDeploymentPostprocessing = 0;
			shellPath = /bin/sh;
			shellScript = "diff \"${PODS_PODFILE_DIR_PATH}/Podfile.lock\" \"${PODS_ROOT}/Manifest.lock\" > /dev/null\nif [ $? != 0 ] ; then\n    # print error to STDERR\n    echo \"error: The sandbox is not in sync with the Podfile.lock. Run 'pod install' or update your CocoaPods installation.\" >&2\n    exit 1\nfi\n# This output is used by Xcode 'outputs' to avoid re-running this script phase.\necho \"SUCCESS\" > \"${SCRIPT_OUTPUT_FILE_0}\"\n";
			showEnvVarsInLog = 0;
		};
		E28CFF3971FF3B59E188A726 /* [CP] Embed Pods Frameworks */ = {
			isa = PBXShellScriptBuildPhase;
			buildActionMask = 2147483647;
			files = (
			);
			inputFileListPaths = (
				"${PODS_ROOT}/Target Support Files/Pods-NewWorldNetwork/Pods-NewWorldNetwork-frameworks-${CONFIGURATION}-input-files.xcfilelist",
			);
			name = "[CP] Embed Pods Frameworks";
			outputFileListPaths = (
				"${PODS_ROOT}/Target Support Files/Pods-NewWorldNetwork/Pods-NewWorldNetwork-frameworks-${CONFIGURATION}-output-files.xcfilelist",
			);
			runOnlyForDeploymentPostprocessing = 0;
			shellPath = /bin/sh;
			shellScript = "\"${PODS_ROOT}/Target Support Files/Pods-NewWorldNetwork/Pods-NewWorldNetwork-frameworks.sh\"\n";
			showEnvVarsInLog = 0;
		};
		E51C7B5DFB9D63255C156235 /* [CP] Check Pods Manifest.lock */ = {
			isa = PBXShellScriptBuildPhase;
			buildActionMask = 2147483647;
			files = (
			);
			inputFileListPaths = (
			);
			inputPaths = (
				"${PODS_PODFILE_DIR_PATH}/Podfile.lock",
				"${PODS_ROOT}/Manifest.lock",
			);
			name = "[CP] Check Pods Manifest.lock";
			outputFileListPaths = (
			);
			outputPaths = (
				"$(DERIVED_FILE_DIR)/Pods-NewWorldNetwork-checkManifestLockResult.txt",
			);
			runOnlyForDeploymentPostprocessing = 0;
			shellPath = /bin/sh;
			shellScript = "diff \"${PODS_PODFILE_DIR_PATH}/Podfile.lock\" \"${PODS_ROOT}/Manifest.lock\" > /dev/null\nif [ $? != 0 ] ; then\n    # print error to STDERR\n    echo \"error: The sandbox is not in sync with the Podfile.lock. Run 'pod install' or update your CocoaPods installation.\" >&2\n    exit 1\nfi\n# This output is used by Xcode 'outputs' to avoid re-running this script phase.\necho \"SUCCESS\" > \"${SCRIPT_OUTPUT_FILE_0}\"\n";
			showEnvVarsInLog = 0;
		};
/* End PBXShellScriptBuildPhase section */

/* Begin PBXSourcesBuildPhase section */
		671304912711DCDB00916872 /* Sources */ = {
			isa = PBXSourcesBuildPhase;
			buildActionMask = 2147483647;
			files = (
				671304982711DCDB00916872 /* NotificationService.swift in Sources */,
			);
			runOnlyForDeploymentPostprocessing = 0;
		};
		67D1A12D26C83C3900630601 /* Sources */ = {
			isa = PBXSourcesBuildPhase;
			buildActionMask = 2147483647;
			files = (
				67D1A15626C9308700630601 /* UserCell.swift in Sources */,
				6717E91B26FB998400A84702 /* ReplyBlockView.swift in Sources */,
				678876D126D6953900D79AE9 /* TweetActionsView.swift in Sources */,
				675D82ED275666920009429E /* ResetPasswordView.swift in Sources */,
				67A934112706470500A5D020 /* InterstitialAd.swift in Sources */,
				6756670326DF750700D9C1A6 /* CoreDataModel.xcdatamodeld in Sources */,
				67C0C79827037BAE00138809 /* NewAnswerView.swift in Sources */,
				67D1A16126C94CA900630601 /* ChatBubble.swift in Sources */,
				67D1A15426C84BDD00630601 /* SearchBar.swift in Sources */,
				6734333B26F3ABFC006AA6C4 /* ImageFullScreenView.swift in Sources */,
				67A9341F2707E24000A5D020 /* ReplyOptionsViewModel.swift in Sources */,
				6787E1BB26D3FEB7001D0B3A /* ImagePicker.swift in Sources */,
				67C0C7832703657500138809 /* QuestionAnswerViewModel.swift in Sources */,
				67C0C79C2703C53A00138809 /* AnswerOptionsView.swift in Sources */,
				67A9342D2708D7E600A5D020 /* BlockedUsersView.swift in Sources */,
				67D1A14D26C83FBE00630601 /* FeedView.swift in Sources */,
				675AEF0726DBB2D800020EE9 /* LazyView.swift in Sources */,
				6787E1B326D3E5FF001D0B3A /* LoginView.swift in Sources */,
				678876C326D565DE00D79AE9 /* SearchViewModel.swift in Sources */,
				67860D2A2713124F00E27A4C /* SideSettingsView.swift in Sources */,
				678876CF26D6906700D79AE9 /* TweetDetailView.swift in Sources */,
				67A93437270CC83800A5D020 /* NavigationBarView.swift in Sources */,
				67FD827C26F0CC42005F600F /* MainTabView.swift in Sources */,
				67C0C77527033EB400138809 /* QuestionAnswerView.swift in Sources */,
				67D1A13526C83C3900630601 /* AppDelegate.swift in Sources */,
				675AEF0B26DBCC1200020EE9 /* ConversationsViewModel.swift in Sources */,
				67C0C7792703534400138809 /* NewQuestionView.swift in Sources */,
				67D1A15F26C93C9B00630601 /* ChatView.swift in Sources */,
				678876C526D5665B00D79AE9 /* Constants.swift in Sources */,
				67C0C79A27037C1B00138809 /* UploadAnswerViewModel.swift in Sources */,
				6717E92D26FE067B00A84702 /* TweetOptionsViewModel.swift in Sources */,
				67AD3AD326E4F5AB004B1C3D /* TweetBlockView.swift in Sources */,
				6748E8F326EDF544008184B7 /* NotificationContent.swift in Sources */,
				678876BE26D55A5200D79AE9 /* User.swift in Sources */,
				67C0C7A22704854C00138809 /* QuestionAnswerSearchView.swift in Sources */,
				6707F0F72701B29800820CDE /* ImageCache.swift in Sources */,
				6717E92F26FF1F8A00A84702 /* TweetStatsView.swift in Sources */,
				6787E1A826D3C6E2001D0B3A /* FilterButtonView.swift in Sources */,
				67C0C7892703681700138809 /* QuestionCell.swift in Sources */,
				6748E8D326E8F756008184B7 /* Reply.swift in Sources */,
				67A934232707FC2A00A5D020 /* QuestionGeneralBlockView.swift in Sources */,
				6787E1AC26D3DC2B001D0B3A /* NewTweetView.swift in Sources */,
				6707F0F82701B29800820CDE /* AsyncImage.swift in Sources */,
				6787E1B726D3E75D001D0B3A /* CustomTextField.swift in Sources */,
				67A9340D2706447100A5D020 /* FullScreenModifier.swift in Sources */,
				6705299E26F8D33C006D4D73 /* PinchZoomView.swift in Sources */,
				67C0C781270361CD00138809 /* Question.swift in Sources */,
				67C0C7772703459600138809 /* QuestionAnswerTabView.swift in Sources */,
				67A9340F270646C600A5D020 /* RewardedAd.swift in Sources */,
				67AF923C26F9DC0E0016E217 /* ImageLoadFailed.swift in Sources */,
				678876C926D67F7C00D79AE9 /* UploadTweetViewModel.swift in Sources */,
				67C0C78E2703720E00138809 /* QuestionOptionsViewModel.swift in Sources */,
				675AEF0926DBC2AD00020EE9 /* ChatViewModel.swift in Sources */,
				67FD827E26F0E0C5005F600F /* TabBarView.swift in Sources */,
				678876C726D6555A00D79AE9 /* ProfileViewModel.swift in Sources */,
				67CA2E7128081795000617BE /* AllPrivateKeys.swift in Sources */,
				67C0C7A4270490B200138809 /* QuestionAnswerSearchBar.swift in Sources */,
				67C0C78C270371DB00138809 /* QuestionOptionsView.swift in Sources */,
				67C0C77B270354DA00138809 /* UploadQuestionViewModel.swift in Sources */,
				67C0C79627037B4D00138809 /* AnswerCell.swift in Sources */,
				67A934012705D8F900A5D020 /* BannerAd.swift in Sources */,
				67D1A15B26C9358500630601 /* ConversationCell.swift in Sources */,
				6707F10B27020EE800820CDE /* FollowStatsView.swift in Sources */,
				67C0C79E2703C74700138809 /* AnswerOptionsViewModel.swift in Sources */,
				6717E93326FF267900A84702 /* TweetStatsViewModel.swift in Sources */,
				67D1A14F26C843D200630601 /* TweetCell.swift in Sources */,
				67C0C7852703665600138809 /* QuestionBlockView.swift in Sources */,
				67C0C79427037B0E00138809 /* AnswerBlockView.swift in Sources */,
				67D1A13726C83C3900630601 /* SceneDelegate.swift in Sources */,
				67C0C7872703674200138809 /* QuestionDetailView.swift in Sources */,
				67FD827126F0B28B005F600F /* NotificationCountViewModel.swift in Sources */,
				67C0C7902703784500138809 /* AnswerViewModel.swift in Sources */,
				6707F1092701CC2400820CDE /* SideBarContentView.swift in Sources */,
				67A9341D2707E17B00A5D020 /* ReplyOptions.swift in Sources */,
				67C0C7922703786A00138809 /* Answer.swift in Sources */,
				67D1A16726C9552500630601 /* NewMessageView.swift in Sources */,
				67AD3AD526E50F81004B1C3D /* ButtonStyle.swift in Sources */,
				671A160B26FB59140071D42D /* NotificationCell.swift in Sources */,
				67C0C7A62704A4B900138809 /* SendBugView.swift in Sources */,
				67A9341A2707DC2B00A5D020 /* ReportViewModel.swift in Sources */,
				675AEF1726DE556000020EE9 /* PullToRefreshView.swift in Sources */,
				6756673126E2D5DB00D9C1A6 /* NewCommentView.swift in Sources */,
				678876D326D6996E00D79AE9 /* TweetActionViewModel.swift in Sources */,
				6707F0FB2701B29800820CDE /* EnvironmentValues+ImageCache.swift in Sources */,
				6787E1A226D3C5FC001D0B3A /* UserProfileView.swift in Sources */,
				6787E1B026D3E22B001D0B3A /* TextArea.swift in Sources */,
				67A934212707EF7D00A5D020 /* UserProfileOptions.swift in Sources */,
				6748E8F726EDF9A7008184B7 /* NotificationView.swift in Sources */,
				6707F10D27020EF600820CDE /* FollowStatsFilterButtonView.swift in Sources */,
				6787E1B526D3E609001D0B3A /* RegistrationView.swift in Sources */,
				6787E1A626D3C6D0001D0B3A /* ProfileActionButtonView.swift in Sources */,
				67D1A16526C9540300630601 /* MessageView.swift in Sources */,
				6707F1072701C68900820CDE /* SideBarMenuView.swift in Sources */,
				6748E8D926E8FEA3008184B7 /* ReplyViewModel.swift in Sources */,
				67D1A15226C84B3000630601 /* SearchView.swift in Sources */,
				67C0C7A82704A81800138809 /* SendBugTextArea.swift in Sources */,
				67C0C7AA2704ABFD00138809 /* UploadBugReportViewModel.swift in Sources */,
				6748E8D126E8F09F008184B7 /* UploadReplyViewModel.swift in Sources */,
				67C0C77D2703597500138809 /* NewQuestionTextArea.swift in Sources */,
				6707F10F27020FA300820CDE /* FollowStatsViewModel.swift in Sources */,
				6717E92526FDE69B00A84702 /* TweetOptions.swift in Sources */,
				678876CB26D686DF00D79AE9 /* FeedViewModel.swift in Sources */,
				6748E8F126EDECF7008184B7 /* NotificationViewModel.swift in Sources */,
				6787E1B926D3EC11001D0B3A /* CustomSecureField.swift in Sources */,
				6748E8D726E8FCE6008184B7 /* ReplyCell.swift in Sources */,
				6734333926F26777006AA6C4 /* ImageView.swift in Sources */,
				67860D28271237D300E27A4C /* NotificationSettings.swift in Sources */,
				6707F0F92701B29800820CDE /* ImageLoader.swift in Sources */,
				6787E1A426D3C6C4001D0B3A /* ProfileHeaderView.swift in Sources */,
				67D1A13926C83C3900630601 /* ContentView.swift in Sources */,
				6717E93126FF220900A84702 /* TweetStatsFilterButtonView.swift in Sources */,
				678876BC26D53F4500D79AE9 /* AuthViewModel.swift in Sources */,
				678876CD26D6871900D79AE9 /* Tweet.swift in Sources */,
				67D1A15D26C93C1700630601 /* MessageInputView.swift in Sources */,
				67D1A15926C9357700630601 /* ConversationsView.swift in Sources */,
				67D1A16326C94F4800630601 /* Message.swift in Sources */,
				6748E8EF26EDE968008184B7 /* Notification.swift in Sources */,
			);
			runOnlyForDeploymentPostprocessing = 0;
		};
/* End PBXSourcesBuildPhase section */

/* Begin PBXTargetDependency section */
		6713049B2711DCDB00916872 /* PBXTargetDependency */ = {
			isa = PBXTargetDependency;
			target = 671304942711DCDB00916872 /* OneSignalNotificationServiceExtension */;
			targetProxy = 6713049A2711DCDB00916872 /* PBXContainerItemProxy */;
		};
/* End PBXTargetDependency section */

/* Begin PBXVariantGroup section */
		67D1A13F26C83C3A00630601 /* LaunchScreen.storyboard */ = {
			isa = PBXVariantGroup;
			children = (
				67D1A14026C83C3A00630601 /* Base */,
			);
			name = LaunchScreen.storyboard;
			sourceTree = "<group>";
		};
/* End PBXVariantGroup section */

/* Begin XCBuildConfiguration section */
		6713049E2711DCDB00916872 /* Debug */ = {
			isa = XCBuildConfiguration;
			baseConfigurationReference = 805B1B78253DC5FE1FC8EB11 /* Pods-OneSignalNotificationServiceExtension.debug.xcconfig */;
			buildSettings = {
				CLANG_CXX_LANGUAGE_STANDARD = "gnu++17";
				CODE_SIGN_STYLE = Automatic;
				CURRENT_PROJECT_VERSION = 1;
				DEVELOPMENT_TEAM = 52SG46DL66;
				GENERATE_INFOPLIST_FILE = YES;
				INFOPLIST_FILE = OneSignalNotificationServiceExtension/Info.plist;
				INFOPLIST_KEY_CFBundleDisplayName = OneSignalNotificationServiceExtension;
				INFOPLIST_KEY_NSHumanReadableCopyright = "";
				IPHONEOS_DEPLOYMENT_TARGET = 15.0;
				LD_RUNPATH_SEARCH_PATHS = (
					"$(inherited)",
					"@executable_path/Frameworks",
					"@executable_path/../../Frameworks",
				);
				MARKETING_VERSION = 1.0;
				PRODUCT_BUNDLE_IDENTIFIER = com.oguzcoskun.NewWorldNetwork.OneSignalNotificationServiceExtension;
				PRODUCT_NAME = "$(TARGET_NAME)";
				SKIP_INSTALL = YES;
				SWIFT_EMIT_LOC_STRINGS = YES;
				SWIFT_VERSION = 5.0;
				TARGETED_DEVICE_FAMILY = "1,2";
			};
			name = Debug;
		};
		6713049F2711DCDB00916872 /* Release */ = {
			isa = XCBuildConfiguration;
			baseConfigurationReference = 3E12CFFA862D8C4131A4DFC9 /* Pods-OneSignalNotificationServiceExtension.release.xcconfig */;
			buildSettings = {
				CLANG_CXX_LANGUAGE_STANDARD = "gnu++17";
				CODE_SIGN_STYLE = Automatic;
				CURRENT_PROJECT_VERSION = 1;
				DEVELOPMENT_TEAM = 52SG46DL66;
				GENERATE_INFOPLIST_FILE = YES;
				INFOPLIST_FILE = OneSignalNotificationServiceExtension/Info.plist;
				INFOPLIST_KEY_CFBundleDisplayName = OneSignalNotificationServiceExtension;
				INFOPLIST_KEY_NSHumanReadableCopyright = "";
				IPHONEOS_DEPLOYMENT_TARGET = 15.0;
				LD_RUNPATH_SEARCH_PATHS = (
					"$(inherited)",
					"@executable_path/Frameworks",
					"@executable_path/../../Frameworks",
				);
				MARKETING_VERSION = 1.0;
				PRODUCT_BUNDLE_IDENTIFIER = com.oguzcoskun.NewWorldNetwork.OneSignalNotificationServiceExtension;
				PRODUCT_NAME = "$(TARGET_NAME)";
				SKIP_INSTALL = YES;
				SWIFT_EMIT_LOC_STRINGS = YES;
				SWIFT_VERSION = 5.0;
				TARGETED_DEVICE_FAMILY = "1,2";
			};
			name = Release;
		};
		67D1A14326C83C3A00630601 /* Debug */ = {
			isa = XCBuildConfiguration;
			buildSettings = {
				ALWAYS_SEARCH_USER_PATHS = NO;
				CLANG_ANALYZER_NONNULL = YES;
				CLANG_ANALYZER_NUMBER_OBJECT_CONVERSION = YES_AGGRESSIVE;
				CLANG_CXX_LANGUAGE_STANDARD = "gnu++14";
				CLANG_CXX_LIBRARY = "libc++";
				CLANG_ENABLE_MODULES = YES;
				CLANG_ENABLE_OBJC_ARC = YES;
				CLANG_ENABLE_OBJC_WEAK = YES;
				CLANG_WARN_BLOCK_CAPTURE_AUTORELEASING = YES;
				CLANG_WARN_BOOL_CONVERSION = YES;
				CLANG_WARN_COMMA = YES;
				CLANG_WARN_CONSTANT_CONVERSION = YES;
				CLANG_WARN_DEPRECATED_OBJC_IMPLEMENTATIONS = YES;
				CLANG_WARN_DIRECT_OBJC_ISA_USAGE = YES_ERROR;
				CLANG_WARN_DOCUMENTATION_COMMENTS = YES;
				CLANG_WARN_EMPTY_BODY = YES;
				CLANG_WARN_ENUM_CONVERSION = YES;
				CLANG_WARN_INFINITE_RECURSION = YES;
				CLANG_WARN_INT_CONVERSION = YES;
				CLANG_WARN_NON_LITERAL_NULL_CONVERSION = YES;
				CLANG_WARN_OBJC_IMPLICIT_RETAIN_SELF = YES;
				CLANG_WARN_OBJC_LITERAL_CONVERSION = YES;
				CLANG_WARN_OBJC_ROOT_CLASS = YES_ERROR;
				CLANG_WARN_QUOTED_INCLUDE_IN_FRAMEWORK_HEADER = YES;
				CLANG_WARN_RANGE_LOOP_ANALYSIS = YES;
				CLANG_WARN_STRICT_PROTOTYPES = YES;
				CLANG_WARN_SUSPICIOUS_MOVE = YES;
				CLANG_WARN_UNGUARDED_AVAILABILITY = YES_AGGRESSIVE;
				CLANG_WARN_UNREACHABLE_CODE = YES;
				CLANG_WARN__DUPLICATE_METHOD_MATCH = YES;
				COPY_PHASE_STRIP = NO;
				DEBUG_INFORMATION_FORMAT = dwarf;
				ENABLE_STRICT_OBJC_MSGSEND = YES;
				ENABLE_TESTABILITY = YES;
				GCC_C_LANGUAGE_STANDARD = gnu11;
				GCC_DYNAMIC_NO_PIC = NO;
				GCC_NO_COMMON_BLOCKS = YES;
				GCC_OPTIMIZATION_LEVEL = 0;
				GCC_PREPROCESSOR_DEFINITIONS = (
					"DEBUG=1",
					"$(inherited)",
				);
				GCC_WARN_64_TO_32_BIT_CONVERSION = YES;
				GCC_WARN_ABOUT_RETURN_TYPE = YES_ERROR;
				GCC_WARN_UNDECLARED_SELECTOR = YES;
				GCC_WARN_UNINITIALIZED_AUTOS = YES_AGGRESSIVE;
				GCC_WARN_UNUSED_FUNCTION = YES;
				GCC_WARN_UNUSED_VARIABLE = YES;
				IPHONEOS_DEPLOYMENT_TARGET = 14.0;
				MTL_ENABLE_DEBUG_INFO = INCLUDE_SOURCE;
				MTL_FAST_MATH = YES;
				ONLY_ACTIVE_ARCH = YES;
				SDKROOT = iphoneos;
				SWIFT_ACTIVE_COMPILATION_CONDITIONS = DEBUG;
				SWIFT_OPTIMIZATION_LEVEL = "-Onone";
			};
			name = Debug;
		};
		67D1A14426C83C3A00630601 /* Release */ = {
			isa = XCBuildConfiguration;
			buildSettings = {
				ALWAYS_SEARCH_USER_PATHS = NO;
				CLANG_ANALYZER_NONNULL = YES;
				CLANG_ANALYZER_NUMBER_OBJECT_CONVERSION = YES_AGGRESSIVE;
				CLANG_CXX_LANGUAGE_STANDARD = "gnu++14";
				CLANG_CXX_LIBRARY = "libc++";
				CLANG_ENABLE_MODULES = YES;
				CLANG_ENABLE_OBJC_ARC = YES;
				CLANG_ENABLE_OBJC_WEAK = YES;
				CLANG_WARN_BLOCK_CAPTURE_AUTORELEASING = YES;
				CLANG_WARN_BOOL_CONVERSION = YES;
				CLANG_WARN_COMMA = YES;
				CLANG_WARN_CONSTANT_CONVERSION = YES;
				CLANG_WARN_DEPRECATED_OBJC_IMPLEMENTATIONS = YES;
				CLANG_WARN_DIRECT_OBJC_ISA_USAGE = YES_ERROR;
				CLANG_WARN_DOCUMENTATION_COMMENTS = YES;
				CLANG_WARN_EMPTY_BODY = YES;
				CLANG_WARN_ENUM_CONVERSION = YES;
				CLANG_WARN_INFINITE_RECURSION = YES;
				CLANG_WARN_INT_CONVERSION = YES;
				CLANG_WARN_NON_LITERAL_NULL_CONVERSION = YES;
				CLANG_WARN_OBJC_IMPLICIT_RETAIN_SELF = YES;
				CLANG_WARN_OBJC_LITERAL_CONVERSION = YES;
				CLANG_WARN_OBJC_ROOT_CLASS = YES_ERROR;
				CLANG_WARN_QUOTED_INCLUDE_IN_FRAMEWORK_HEADER = YES;
				CLANG_WARN_RANGE_LOOP_ANALYSIS = YES;
				CLANG_WARN_STRICT_PROTOTYPES = YES;
				CLANG_WARN_SUSPICIOUS_MOVE = YES;
				CLANG_WARN_UNGUARDED_AVAILABILITY = YES_AGGRESSIVE;
				CLANG_WARN_UNREACHABLE_CODE = YES;
				CLANG_WARN__DUPLICATE_METHOD_MATCH = YES;
				COPY_PHASE_STRIP = NO;
				DEBUG_INFORMATION_FORMAT = "dwarf-with-dsym";
				ENABLE_NS_ASSERTIONS = NO;
				ENABLE_STRICT_OBJC_MSGSEND = YES;
				GCC_C_LANGUAGE_STANDARD = gnu11;
				GCC_NO_COMMON_BLOCKS = YES;
				GCC_WARN_64_TO_32_BIT_CONVERSION = YES;
				GCC_WARN_ABOUT_RETURN_TYPE = YES_ERROR;
				GCC_WARN_UNDECLARED_SELECTOR = YES;
				GCC_WARN_UNINITIALIZED_AUTOS = YES_AGGRESSIVE;
				GCC_WARN_UNUSED_FUNCTION = YES;
				GCC_WARN_UNUSED_VARIABLE = YES;
				IPHONEOS_DEPLOYMENT_TARGET = 14.0;
				MTL_ENABLE_DEBUG_INFO = NO;
				MTL_FAST_MATH = YES;
				SDKROOT = iphoneos;
				SWIFT_COMPILATION_MODE = wholemodule;
				SWIFT_OPTIMIZATION_LEVEL = "-O";
				VALIDATE_PRODUCT = YES;
			};
			name = Release;
		};
		67D1A14626C83C3A00630601 /* Debug */ = {
			isa = XCBuildConfiguration;
			baseConfigurationReference = D047B06FDEF1567C1F60CEA8 /* Pods-NewWorldNetwork.debug.xcconfig */;
			buildSettings = {
				ALWAYS_EMBED_SWIFT_STANDARD_LIBRARIES = YES;
				ASSETCATALOG_COMPILER_APPICON_NAME = AppIcon;
				ASSETCATALOG_COMPILER_GLOBAL_ACCENT_COLOR_NAME = AccentColor;
				CODE_SIGN_ENTITLEMENTS = NewWorldNetwork/NewWorldNetwork.entitlements;
				CODE_SIGN_STYLE = Automatic;
				DEVELOPMENT_ASSET_PATHS = "\"NewWorldNetwork/Preview Content\"";
				DEVELOPMENT_TEAM = 52SG46DL66;
				ENABLE_PREVIEWS = YES;
				INFOPLIST_FILE = NewWorldNetwork/Info.plist;
				IPHONEOS_DEPLOYMENT_TARGET = 14.0;
				LD_RUNPATH_SEARCH_PATHS = (
					"$(inherited)",
					"@executable_path/Frameworks",
				);
				MARKETING_VERSION = 1.3.6;
				PRODUCT_BUNDLE_IDENTIFIER = com.oguzcoskun.NewWorldNetwork;
				PRODUCT_NAME = "$(TARGET_NAME)";
				SWIFT_VERSION = 5.0;
				TARGETED_DEVICE_FAMILY = "1,2";
			};
			name = Debug;
		};
		67D1A14726C83C3A00630601 /* Release */ = {
			isa = XCBuildConfiguration;
			baseConfigurationReference = A9C3DA55E6CBDFA47DA9925B /* Pods-NewWorldNetwork.release.xcconfig */;
			buildSettings = {
				ALWAYS_EMBED_SWIFT_STANDARD_LIBRARIES = YES;
				ASSETCATALOG_COMPILER_APPICON_NAME = AppIcon;
				ASSETCATALOG_COMPILER_GLOBAL_ACCENT_COLOR_NAME = AccentColor;
				CODE_SIGN_ENTITLEMENTS = NewWorldNetwork/NewWorldNetwork.entitlements;
				CODE_SIGN_STYLE = Automatic;
				DEVELOPMENT_ASSET_PATHS = "\"NewWorldNetwork/Preview Content\"";
				DEVELOPMENT_TEAM = 52SG46DL66;
				ENABLE_PREVIEWS = YES;
				INFOPLIST_FILE = NewWorldNetwork/Info.plist;
				IPHONEOS_DEPLOYMENT_TARGET = 14.0;
				LD_RUNPATH_SEARCH_PATHS = (
					"$(inherited)",
					"@executable_path/Frameworks",
				);
				MARKETING_VERSION = 1.3.6;
				PRODUCT_BUNDLE_IDENTIFIER = com.oguzcoskun.NewWorldNetwork;
				PRODUCT_NAME = "$(TARGET_NAME)";
				SWIFT_VERSION = 5.0;
				TARGETED_DEVICE_FAMILY = "1,2";
			};
			name = Release;
		};
/* End XCBuildConfiguration section */

/* Begin XCConfigurationList section */
		6713049D2711DCDB00916872 /* Build configuration list for PBXNativeTarget "OneSignalNotificationServiceExtension" */ = {
			isa = XCConfigurationList;
			buildConfigurations = (
				6713049E2711DCDB00916872 /* Debug */,
				6713049F2711DCDB00916872 /* Release */,
			);
			defaultConfigurationIsVisible = 0;
			defaultConfigurationName = Release;
		};
		67D1A12C26C83C3900630601 /* Build configuration list for PBXProject "NewWorldNetwork" */ = {
			isa = XCConfigurationList;
			buildConfigurations = (
				67D1A14326C83C3A00630601 /* Debug */,
				67D1A14426C83C3A00630601 /* Release */,
			);
			defaultConfigurationIsVisible = 0;
			defaultConfigurationName = Release;
		};
		67D1A14526C83C3A00630601 /* Build configuration list for PBXNativeTarget "NewWorldNetwork" */ = {
			isa = XCConfigurationList;
			buildConfigurations = (
				67D1A14626C83C3A00630601 /* Debug */,
				67D1A14726C83C3A00630601 /* Release */,
			);
			defaultConfigurationIsVisible = 0;
			defaultConfigurationName = Release;
		};
/* End XCConfigurationList section */

/* Begin XCVersionGroup section */
		6756670126DF750700D9C1A6 /* CoreDataModel.xcdatamodeld */ = {
			isa = XCVersionGroup;
			children = (
				6756670226DF750700D9C1A6 /* CoreDataModel.xcdatamodel */,
			);
			currentVersion = 6756670226DF750700D9C1A6 /* CoreDataModel.xcdatamodel */;
			path = CoreDataModel.xcdatamodeld;
			sourceTree = "<group>";
			versionGroupType = wrapper.xcdatamodel;
		};
/* End XCVersionGroup section */
	};
	rootObject = 67D1A12926C83C3900630601 /* Project object */;
}
